// !$*UTF8*$!
{
	archiveVersion = 1;
	classes = {
	};
	objectVersion = 50;
	objects = {

/* Begin PBXBuildFile section */
		75AEC11722E3D7170006A057 /* SharedView.swift in Sources */ = {isa = PBXBuildFile; fileRef = 75AEC11622E3D7170006A057 /* SharedView.swift */; };
		75AEC11922E3DC8A0006A057 /* BasicViewController.swift in Sources */ = {isa = PBXBuildFile; fileRef = 75AEC11822E3DC8A0006A057 /* BasicViewController.swift */; };
		75AEC11C22E3E2480006A057 /* MonthView.swift in Sources */ = {isa = PBXBuildFile; fileRef = 75AEC11B22E3E2480006A057 /* MonthView.swift */; };
		75AEC11E22E3E2700006A057 /* CalenderView.swift in Sources */ = {isa = PBXBuildFile; fileRef = 75AEC11D22E3E2700006A057 /* CalenderView.swift */; };
		75AEC12022E409DE0006A057 /* WeekdayView.swift in Sources */ = {isa = PBXBuildFile; fileRef = 75AEC11F22E409DE0006A057 /* WeekdayView.swift */; };
		75AEC12222E413290006A057 /* ExpenseViewController.swift in Sources */ = {isa = PBXBuildFile; fileRef = 75AEC12122E413290006A057 /* ExpenseViewController.swift */; };
		75AEC12422E446600006A057 /* SegueDirection.swift in Sources */ = {isa = PBXBuildFile; fileRef = 75AEC12322E446600006A057 /* SegueDirection.swift */; };
		75AEC12622E54E690006A057 /* Entry.swift in Sources */ = {isa = PBXBuildFile; fileRef = 75AEC12522E54E690006A057 /* Entry.swift */; };
		75AEC12922E54F1B0006A057 /* SingleDayViewController.swift in Sources */ = {isa = PBXBuildFile; fileRef = 75AEC12822E54F1B0006A057 /* SingleDayViewController.swift */; };
		75AEC12B22E577590006A057 /* AddEntryViewController.swift in Sources */ = {isa = PBXBuildFile; fileRef = 75AEC12A22E577590006A057 /* AddEntryViewController.swift */; };
		75B4D39322E827A400438A7A /* Model.xcdatamodeld in Sources */ = {isa = PBXBuildFile; fileRef = 75B4D39122E827A400438A7A /* Model.xcdatamodeld */; };
		75B4D3BA22E9854E00438A7A /* ExpenseTableViewCell.swift in Sources */ = {isa = PBXBuildFile; fileRef = 75B4D3B922E9854E00438A7A /* ExpenseTableViewCell.swift */; };
		75BB937022EAC77E002C57AF /* AddEntryTableViewCell.swift in Sources */ = {isa = PBXBuildFile; fileRef = 75BB936F22EAC77E002C57AF /* AddEntryTableViewCell.swift */; };
		75CD180E22C5DD6800E2FB12 /* AppDelegate.swift in Sources */ = {isa = PBXBuildFile; fileRef = 75CD180D22C5DD6800E2FB12 /* AppDelegate.swift */; };
		75CD181022C5DD6800E2FB12 /* MainViewController.swift in Sources */ = {isa = PBXBuildFile; fileRef = 75CD180F22C5DD6800E2FB12 /* MainViewController.swift */; };
		75CD181522C5DD6B00E2FB12 /* Assets.xcassets in Resources */ = {isa = PBXBuildFile; fileRef = 75CD181422C5DD6B00E2FB12 /* Assets.xcassets */; };
		75CD181822C5DD6B00E2FB12 /* LaunchScreen.storyboard in Resources */ = {isa = PBXBuildFile; fileRef = 75CD181622C5DD6B00E2FB12 /* LaunchScreen.storyboard */; };
		75E0BD5C22CDA7DB00FE0F6C /* MenuViewController.swift in Sources */ = {isa = PBXBuildFile; fileRef = 75E0BD5B22CDA7DB00FE0F6C /* MenuViewController.swift */; };
		75E0BD6022CDB91600FE0F6C /* MenuTableViewCell.swift in Sources */ = {isa = PBXBuildFile; fileRef = 75E0BD5F22CDB91600FE0F6C /* MenuTableViewCell.swift */; };
		75E0BD6222CDBCC000FE0F6C /* GlobalStuffs.swift in Sources */ = {isa = PBXBuildFile; fileRef = 75E0BD6122CDBCC000FE0F6C /* GlobalStuffs.swift */; };
		75E0BD6422CDC63500FE0F6C /* DetailsViewController.swift in Sources */ = {isa = PBXBuildFile; fileRef = 75E0BD6322CDC63500FE0F6C /* DetailsViewController.swift */; };
		75E0BD6722CDD1BA00FE0F6C /* DetailsTableViewCell.swift in Sources */ = {isa = PBXBuildFile; fileRef = 75E0BD6622CDD1BA00FE0F6C /* DetailsTableViewCell.swift */; };
		75E0BD6C22CDD2BA00FE0F6C /* Category.swift in Sources */ = {isa = PBXBuildFile; fileRef = 75E0BD6B22CDD2BA00FE0F6C /* Category.swift */; };
/* End PBXBuildFile section */

/* Begin PBXFileReference section */
		75AEC11622E3D7170006A057 /* SharedView.swift */ = {isa = PBXFileReference; lastKnownFileType = sourcecode.swift; path = SharedView.swift; sourceTree = "<group>"; };
		75AEC11822E3DC8A0006A057 /* BasicViewController.swift */ = {isa = PBXFileReference; lastKnownFileType = sourcecode.swift; path = BasicViewController.swift; sourceTree = "<group>"; };
		75AEC11B22E3E2480006A057 /* MonthView.swift */ = {isa = PBXFileReference; lastKnownFileType = sourcecode.swift; path = MonthView.swift; sourceTree = "<group>"; };
		75AEC11D22E3E2700006A057 /* CalenderView.swift */ = {isa = PBXFileReference; lastKnownFileType = sourcecode.swift; path = CalenderView.swift; sourceTree = "<group>"; };
		75AEC11F22E409DE0006A057 /* WeekdayView.swift */ = {isa = PBXFileReference; lastKnownFileType = sourcecode.swift; path = WeekdayView.swift; sourceTree = "<group>"; };
		75AEC12122E413290006A057 /* ExpenseViewController.swift */ = {isa = PBXFileReference; lastKnownFileType = sourcecode.swift; path = ExpenseViewController.swift; sourceTree = "<group>"; };
		75AEC12322E446600006A057 /* SegueDirection.swift */ = {isa = PBXFileReference; lastKnownFileType = sourcecode.swift; path = SegueDirection.swift; sourceTree = "<group>"; };
		75AEC12522E54E690006A057 /* Entry.swift */ = {isa = PBXFileReference; lastKnownFileType = sourcecode.swift; path = Entry.swift; sourceTree = "<group>"; };
		75AEC12822E54F1B0006A057 /* SingleDayViewController.swift */ = {isa = PBXFileReference; lastKnownFileType = sourcecode.swift; path = SingleDayViewController.swift; sourceTree = "<group>"; };
		75AEC12A22E577590006A057 /* AddEntryViewController.swift */ = {isa = PBXFileReference; lastKnownFileType = sourcecode.swift; path = AddEntryViewController.swift; sourceTree = "<group>"; };
		75B4D39222E827A400438A7A /* Model.xcdatamodel */ = {isa = PBXFileReference; lastKnownFileType = wrapper.xcdatamodel; path = Model.xcdatamodel; sourceTree = "<group>"; };
		75B4D3B922E9854E00438A7A /* ExpenseTableViewCell.swift */ = {isa = PBXFileReference; lastKnownFileType = sourcecode.swift; path = ExpenseTableViewCell.swift; sourceTree = "<group>"; };
		75BB936F22EAC77E002C57AF /* AddEntryTableViewCell.swift */ = {isa = PBXFileReference; lastKnownFileType = sourcecode.swift; path = AddEntryTableViewCell.swift; sourceTree = "<group>"; };
		75CD180A22C5DD6800E2FB12 /* budget.app */ = {isa = PBXFileReference; explicitFileType = wrapper.application; includeInIndex = 0; path = budget.app; sourceTree = BUILT_PRODUCTS_DIR; };
		75CD180D22C5DD6800E2FB12 /* AppDelegate.swift */ = {isa = PBXFileReference; lastKnownFileType = sourcecode.swift; path = AppDelegate.swift; sourceTree = "<group>"; };
		75CD180F22C5DD6800E2FB12 /* MainViewController.swift */ = {isa = PBXFileReference; lastKnownFileType = sourcecode.swift; path = MainViewController.swift; sourceTree = "<group>"; };
		75CD181422C5DD6B00E2FB12 /* Assets.xcassets */ = {isa = PBXFileReference; lastKnownFileType = folder.assetcatalog; path = Assets.xcassets; sourceTree = "<group>"; };
		75CD181722C5DD6B00E2FB12 /* Base */ = {isa = PBXFileReference; lastKnownFileType = file.storyboard; name = Base; path = Base.lproj/LaunchScreen.storyboard; sourceTree = "<group>"; };
		75CD181922C5DD6B00E2FB12 /* Info.plist */ = {isa = PBXFileReference; lastKnownFileType = text.plist.xml; path = Info.plist; sourceTree = "<group>"; };
		75E0BD5B22CDA7DB00FE0F6C /* MenuViewController.swift */ = {isa = PBXFileReference; lastKnownFileType = sourcecode.swift; path = MenuViewController.swift; sourceTree = "<group>"; };
		75E0BD5F22CDB91600FE0F6C /* MenuTableViewCell.swift */ = {isa = PBXFileReference; lastKnownFileType = sourcecode.swift; path = MenuTableViewCell.swift; sourceTree = "<group>"; };
		75E0BD6122CDBCC000FE0F6C /* GlobalStuffs.swift */ = {isa = PBXFileReference; lastKnownFileType = sourcecode.swift; path = GlobalStuffs.swift; sourceTree = "<group>"; };
		75E0BD6322CDC63500FE0F6C /* DetailsViewController.swift */ = {isa = PBXFileReference; lastKnownFileType = sourcecode.swift; path = DetailsViewController.swift; sourceTree = "<group>"; };
		75E0BD6622CDD1BA00FE0F6C /* DetailsTableViewCell.swift */ = {isa = PBXFileReference; lastKnownFileType = sourcecode.swift; path = DetailsTableViewCell.swift; sourceTree = "<group>"; };
		75E0BD6B22CDD2BA00FE0F6C /* Category.swift */ = {isa = PBXFileReference; lastKnownFileType = sourcecode.swift; path = Category.swift; sourceTree = "<group>"; };
/* End PBXFileReference section */

/* Begin PBXFrameworksBuildPhase section */
		75CD180722C5DD6800E2FB12 /* Frameworks */ = {
			isa = PBXFrameworksBuildPhase;
			buildActionMask = 2147483647;
			files = (
			);
			runOnlyForDeploymentPostprocessing = 0;
		};
/* End PBXFrameworksBuildPhase section */

/* Begin PBXGroup section */
		75AEC11422E3D6010006A057 /* CustomViews */ = {
			isa = PBXGroup;
			children = (
				75AEC11A22E3E2250006A057 /* Calender */,
				75AEC11622E3D7170006A057 /* SharedView.swift */,
				75AEC12322E446600006A057 /* SegueDirection.swift */,
			);
			path = CustomViews;
			sourceTree = "<group>";
		};
		75AEC11522E3D6110006A057 /* Model */ = {
			isa = PBXGroup;
			children = (
				75B4D39122E827A400438A7A /* Model.xcdatamodeld */,
				75E0BD6B22CDD2BA00FE0F6C /* Category.swift */,
				75AEC12522E54E690006A057 /* Entry.swift */,
			);
			path = Model;
			sourceTree = "<group>";
		};
		75AEC11A22E3E2250006A057 /* Calender */ = {
			isa = PBXGroup;
			children = (
				75AEC11B22E3E2480006A057 /* MonthView.swift */,
				75AEC11D22E3E2700006A057 /* CalenderView.swift */,
				75AEC11F22E409DE0006A057 /* WeekdayView.swift */,
			);
			path = Calender;
			sourceTree = "<group>";
		};
		75AEC12722E54EFA0006A057 /* Expenses */ = {
			isa = PBXGroup;
			children = (
				75AEC12122E413290006A057 /* ExpenseViewController.swift */,
				75AEC12822E54F1B0006A057 /* SingleDayViewController.swift */,
				75B4D3B922E9854E00438A7A /* ExpenseTableViewCell.swift */,
				75AEC12A22E577590006A057 /* AddEntryViewController.swift */,
				75BB936F22EAC77E002C57AF /* AddEntryTableViewCell.swift */,
			);
			path = Expenses;
			sourceTree = "<group>";
		};
		75CD180122C5DD6800E2FB12 = {
			isa = PBXGroup;
			children = (
				75CD180C22C5DD6800E2FB12 /* budget */,
				75CD180B22C5DD6800E2FB12 /* Products */,
			);
			sourceTree = "<group>";
		};
		75CD180B22C5DD6800E2FB12 /* Products */ = {
			isa = PBXGroup;
			children = (
				75CD180A22C5DD6800E2FB12 /* budget.app */,
			);
			name = Products;
			sourceTree = "<group>";
		};
		75CD180C22C5DD6800E2FB12 /* budget */ = {
			isa = PBXGroup;
			children = (
				75AEC11522E3D6110006A057 /* Model */,
				75AEC11422E3D6010006A057 /* CustomViews */,
				75CD180D22C5DD6800E2FB12 /* AppDelegate.swift */,
				75E0BD6522CDC63D00FE0F6C /* VC */,
				75E0BD6122CDBCC000FE0F6C /* GlobalStuffs.swift */,
				75CD181422C5DD6B00E2FB12 /* Assets.xcassets */,
				75CD181622C5DD6B00E2FB12 /* LaunchScreen.storyboard */,
				75CD181922C5DD6B00E2FB12 /* Info.plist */,
			);
			path = budget;
			sourceTree = "<group>";
		};
		75E0BD6522CDC63D00FE0F6C /* VC */ = {
			isa = PBXGroup;
			children = (
				75AEC12722E54EFA0006A057 /* Expenses */,
				75AEC11822E3DC8A0006A057 /* BasicViewController.swift */,
				75CD180F22C5DD6800E2FB12 /* MainViewController.swift */,
				75E0BD5B22CDA7DB00FE0F6C /* MenuViewController.swift */,
				75E0BD6822CDD23A00FE0F6C /* Details */,
				75E0BD5F22CDB91600FE0F6C /* MenuTableViewCell.swift */,
			);
			path = VC;
			sourceTree = "<group>";
		};
		75E0BD6822CDD23A00FE0F6C /* Details */ = {
			isa = PBXGroup;
			children = (
				75E0BD6322CDC63500FE0F6C /* DetailsViewController.swift */,
				75E0BD6622CDD1BA00FE0F6C /* DetailsTableViewCell.swift */,
			);
			path = Details;
			sourceTree = "<group>";
		};
/* End PBXGroup section */

/* Begin PBXNativeTarget section */
		75CD180922C5DD6800E2FB12 /* budget */ = {
			isa = PBXNativeTarget;
			buildConfigurationList = 75CD181C22C5DD6B00E2FB12 /* Build configuration list for PBXNativeTarget "budget" */;
			buildPhases = (
				75CD180622C5DD6800E2FB12 /* Sources */,
				75CD180722C5DD6800E2FB12 /* Frameworks */,
				75CD180822C5DD6800E2FB12 /* Resources */,
			);
			buildRules = (
			);
			dependencies = (
			);
			name = budget;
			productName = budget;
			productReference = 75CD180A22C5DD6800E2FB12 /* budget.app */;
			productType = "com.apple.product-type.application";
		};
/* End PBXNativeTarget section */

/* Begin PBXProject section */
		75CD180222C5DD6800E2FB12 /* Project object */ = {
			isa = PBXProject;
			attributes = {
				LastSwiftUpdateCheck = 1020;
				LastUpgradeCheck = 1020;
				ORGANIZATIONNAME = bradleyyin;
				TargetAttributes = {
					75CD180922C5DD6800E2FB12 = {
						CreatedOnToolsVersion = 10.2.1;
					};
				};
			};
			buildConfigurationList = 75CD180522C5DD6800E2FB12 /* Build configuration list for PBXProject "budget" */;
			compatibilityVersion = "Xcode 9.3";
			developmentRegion = en;
			hasScannedForEncodings = 0;
			knownRegions = (
				en,
				Base,
			);
			mainGroup = 75CD180122C5DD6800E2FB12;
			productRefGroup = 75CD180B22C5DD6800E2FB12 /* Products */;
			projectDirPath = "";
			projectRoot = "";
			targets = (
				75CD180922C5DD6800E2FB12 /* budget */,
			);
		};
/* End PBXProject section */

/* Begin PBXResourcesBuildPhase section */
		75CD180822C5DD6800E2FB12 /* Resources */ = {
			isa = PBXResourcesBuildPhase;
			buildActionMask = 2147483647;
			files = (
				75CD181822C5DD6B00E2FB12 /* LaunchScreen.storyboard in Resources */,
				75CD181522C5DD6B00E2FB12 /* Assets.xcassets in Resources */,
			);
			runOnlyForDeploymentPostprocessing = 0;
		};
/* End PBXResourcesBuildPhase section */

/* Begin PBXSourcesBuildPhase section */
		75CD180622C5DD6800E2FB12 /* Sources */ = {
			isa = PBXSourcesBuildPhase;
			buildActionMask = 2147483647;
			files = (
				75B4D3BA22E9854E00438A7A /* ExpenseTableViewCell.swift in Sources */,
				75AEC11C22E3E2480006A057 /* MonthView.swift in Sources */,
				75CD181022C5DD6800E2FB12 /* MainViewController.swift in Sources */,
				75AEC12022E409DE0006A057 /* WeekdayView.swift in Sources */,
				75AEC11E22E3E2700006A057 /* CalenderView.swift in Sources */,
				75AEC11922E3DC8A0006A057 /* BasicViewController.swift in Sources */,
				75E0BD5C22CDA7DB00FE0F6C /* MenuViewController.swift in Sources */,
				75E0BD6022CDB91600FE0F6C /* MenuTableViewCell.swift in Sources */,
				75BB937022EAC77E002C57AF /* AddEntryTableViewCell.swift in Sources */,
				75AEC12222E413290006A057 /* ExpenseViewController.swift in Sources */,
				75AEC12622E54E690006A057 /* Entry.swift in Sources */,
				75AEC12922E54F1B0006A057 /* SingleDayViewController.swift in Sources */,
				75AEC11722E3D7170006A057 /* SharedView.swift in Sources */,
				75CD180E22C5DD6800E2FB12 /* AppDelegate.swift in Sources */,
				75E0BD6222CDBCC000FE0F6C /* GlobalStuffs.swift in Sources */,
				75E0BD6422CDC63500FE0F6C /* DetailsViewController.swift in Sources */,
				75AEC12422E446600006A057 /* SegueDirection.swift in Sources */,
				75AEC12B22E577590006A057 /* AddEntryViewController.swift in Sources */,
				75E0BD6722CDD1BA00FE0F6C /* DetailsTableViewCell.swift in Sources */,
				75B4D39322E827A400438A7A /* Model.xcdatamodeld in Sources */,
				75E0BD6C22CDD2BA00FE0F6C /* Category.swift in Sources */,
			);
			runOnlyForDeploymentPostprocessing = 0;
		};
/* End PBXSourcesBuildPhase section */

/* Begin PBXVariantGroup section */
		75CD181622C5DD6B00E2FB12 /* LaunchScreen.storyboard */ = {
			isa = PBXVariantGroup;
			children = (
				75CD181722C5DD6B00E2FB12 /* Base */,
			);
			name = LaunchScreen.storyboard;
			sourceTree = "<group>";
		};
/* End PBXVariantGroup section */

/* Begin XCBuildConfiguration section */
		75CD181A22C5DD6B00E2FB12 /* Debug */ = {
			isa = XCBuildConfiguration;
			buildSettings = {
				ALWAYS_SEARCH_USER_PATHS = NO;
				CLANG_ANALYZER_NONNULL = YES;
				CLANG_ANALYZER_NUMBER_OBJECT_CONVERSION = YES_AGGRESSIVE;
				CLANG_CXX_LANGUAGE_STANDARD = "gnu++14";
				CLANG_CXX_LIBRARY = "libc++";
				CLANG_ENABLE_MODULES = YES;
				CLANG_ENABLE_OBJC_ARC = YES;
				CLANG_ENABLE_OBJC_WEAK = YES;
				CLANG_WARN_BLOCK_CAPTURE_AUTORELEASING = YES;
				CLANG_WARN_BOOL_CONVERSION = YES;
				CLANG_WARN_COMMA = YES;
				CLANG_WARN_CONSTANT_CONVERSION = YES;
				CLANG_WARN_DEPRECATED_OBJC_IMPLEMENTATIONS = YES;
				CLANG_WARN_DIRECT_OBJC_ISA_USAGE = YES_ERROR;
				CLANG_WARN_DOCUMENTATION_COMMENTS = YES;
				CLANG_WARN_EMPTY_BODY = YES;
				CLANG_WARN_ENUM_CONVERSION = YES;
				CLANG_WARN_INFINITE_RECURSION = YES;
				CLANG_WARN_INT_CONVERSION = YES;
				CLANG_WARN_NON_LITERAL_NULL_CONVERSION = YES;
				CLANG_WARN_OBJC_IMPLICIT_RETAIN_SELF = YES;
				CLANG_WARN_OBJC_LITERAL_CONVERSION = YES;
				CLANG_WARN_OBJC_ROOT_CLASS = YES_ERROR;
				CLANG_WARN_RANGE_LOOP_ANALYSIS = YES;
				CLANG_WARN_STRICT_PROTOTYPES = YES;
				CLANG_WARN_SUSPICIOUS_MOVE = YES;
				CLANG_WARN_UNGUARDED_AVAILABILITY = YES_AGGRESSIVE;
				CLANG_WARN_UNREACHABLE_CODE = YES;
				CLANG_WARN__DUPLICATE_METHOD_MATCH = YES;
				CODE_SIGN_IDENTITY = "iPhone Developer";
				COPY_PHASE_STRIP = NO;
				DEBUG_INFORMATION_FORMAT = dwarf;
				ENABLE_STRICT_OBJC_MSGSEND = YES;
				ENABLE_TESTABILITY = YES;
				GCC_C_LANGUAGE_STANDARD = gnu11;
				GCC_DYNAMIC_NO_PIC = NO;
				GCC_NO_COMMON_BLOCKS = YES;
				GCC_OPTIMIZATION_LEVEL = 0;
				GCC_PREPROCESSOR_DEFINITIONS = (
					"DEBUG=1",
					"$(inherited)",
				);
				GCC_WARN_64_TO_32_BIT_CONVERSION = YES;
				GCC_WARN_ABOUT_RETURN_TYPE = YES_ERROR;
				GCC_WARN_UNDECLARED_SELECTOR = YES;
				GCC_WARN_UNINITIALIZED_AUTOS = YES_AGGRESSIVE;
				GCC_WARN_UNUSED_FUNCTION = YES;
				GCC_WARN_UNUSED_VARIABLE = YES;
				IPHONEOS_DEPLOYMENT_TARGET = 12.2;
				MTL_ENABLE_DEBUG_INFO = INCLUDE_SOURCE;
				MTL_FAST_MATH = YES;
				ONLY_ACTIVE_ARCH = YES;
				SDKROOT = iphoneos;
				SWIFT_ACTIVE_COMPILATION_CONDITIONS = DEBUG;
				SWIFT_OPTIMIZATION_LEVEL = "-Onone";
			};
			name = Debug;
		};
		75CD181B22C5DD6B00E2FB12 /* Release */ = {
			isa = XCBuildConfiguration;
			buildSettings = {
				ALWAYS_SEARCH_USER_PATHS = NO;
				CLANG_ANALYZER_NONNULL = YES;
				CLANG_ANALYZER_NUMBER_OBJECT_CONVERSION = YES_AGGRESSIVE;
				CLANG_CXX_LANGUAGE_STANDARD = "gnu++14";
				CLANG_CXX_LIBRARY = "libc++";
				CLANG_ENABLE_MODULES = YES;
				CLANG_ENABLE_OBJC_ARC = YES;
				CLANG_ENABLE_OBJC_WEAK = YES;
				CLANG_WARN_BLOCK_CAPTURE_AUTORELEASING = YES;
				CLANG_WARN_BOOL_CONVERSION = YES;
				CLANG_WARN_COMMA = YES;
				CLANG_WARN_CONSTANT_CONVERSION = YES;
				CLANG_WARN_DEPRECATED_OBJC_IMPLEMENTATIONS = YES;
				CLANG_WARN_DIRECT_OBJC_ISA_USAGE = YES_ERROR;
				CLANG_WARN_DOCUMENTATION_COMMENTS = YES;
				CLANG_WARN_EMPTY_BODY = YES;
				CLANG_WARN_ENUM_CONVERSION = YES;
				CLANG_WARN_INFINITE_RECURSION = YES;
				CLANG_WARN_INT_CONVERSION = YES;
				CLANG_WARN_NON_LITERAL_NULL_CONVERSION = YES;
				CLANG_WARN_OBJC_IMPLICIT_RETAIN_SELF = YES;
				CLANG_WARN_OBJC_LITERAL_CONVERSION = YES;
				CLANG_WARN_OBJC_ROOT_CLASS = YES_ERROR;
				CLANG_WARN_RANGE_LOOP_ANALYSIS = YES;
				CLANG_WARN_STRICT_PROTOTYPES = YES;
				CLANG_WARN_SUSPICIOUS_MOVE = YES;
				CLANG_WARN_UNGUARDED_AVAILABILITY = YES_AGGRESSIVE;
				CLANG_WARN_UNREACHABLE_CODE = YES;
				CLANG_WARN__DUPLICATE_METHOD_MATCH = YES;
				CODE_SIGN_IDENTITY = "iPhone Developer";
				COPY_PHASE_STRIP = NO;
				DEBUG_INFORMATION_FORMAT = "dwarf-with-dsym";
				ENABLE_NS_ASSERTIONS = NO;
				ENABLE_STRICT_OBJC_MSGSEND = YES;
				GCC_C_LANGUAGE_STANDARD = gnu11;
				GCC_NO_COMMON_BLOCKS = YES;
				GCC_WARN_64_TO_32_BIT_CONVERSION = YES;
				GCC_WARN_ABOUT_RETURN_TYPE = YES_ERROR;
				GCC_WARN_UNDECLARED_SELECTOR = YES;
				GCC_WARN_UNINITIALIZED_AUTOS = YES_AGGRESSIVE;
				GCC_WARN_UNUSED_FUNCTION = YES;
				GCC_WARN_UNUSED_VARIABLE = YES;
				IPHONEOS_DEPLOYMENT_TARGET = 12.2;
				MTL_ENABLE_DEBUG_INFO = NO;
				MTL_FAST_MATH = YES;
				SDKROOT = iphoneos;
				SWIFT_COMPILATION_MODE = wholemodule;
				SWIFT_OPTIMIZATION_LEVEL = "-O";
				VALIDATE_PRODUCT = YES;
			};
			name = Release;
		};
		75CD181D22C5DD6B00E2FB12 /* Debug */ = {
			isa = XCBuildConfiguration;
			buildSettings = {
				ASSETCATALOG_COMPILER_APPICON_NAME = AppIcon;
				CODE_SIGN_STYLE = Automatic;
				DEVELOPMENT_TEAM = 8367QTYVY6;
				INFOPLIST_FILE = budget/Info.plist;
				LD_RUNPATH_SEARCH_PATHS = (
					"$(inherited)",
					"@executable_path/Frameworks",
				);
				PRODUCT_BUNDLE_IDENTIFIER = com.bradleyyin.budget;
				PRODUCT_NAME = "$(TARGET_NAME)";
				SWIFT_VERSION = 5.0;
				TARGETED_DEVICE_FAMILY = "1,2";
			};
			name = Debug;
		};
		75CD181E22C5DD6B00E2FB12 /* Release */ = {
			isa = XCBuildConfiguration;
			buildSettings = {
				ASSETCATALOG_COMPILER_APPICON_NAME = AppIcon;
				CODE_SIGN_STYLE = Automatic;
				DEVELOPMENT_TEAM = 8367QTYVY6;
				INFOPLIST_FILE = budget/Info.plist;
				LD_RUNPATH_SEARCH_PATHS = (
					"$(inherited)",
					"@executable_path/Frameworks",
				);
				PRODUCT_BUNDLE_IDENTIFIER = com.bradleyyin.budget;
				PRODUCT_NAME = "$(TARGET_NAME)";
				SWIFT_VERSION = 5.0;
				TARGETED_DEVICE_FAMILY = "1,2";
			};
			name = Release;
		};
/* End XCBuildConfiguration section */

/* Begin XCConfigurationList section */
		75CD180522C5DD6800E2FB12 /* Build configuration list for PBXProject "budget" */ = {
			isa = XCConfigurationList;
			buildConfigurations = (
				75CD181A22C5DD6B00E2FB12 /* Debug */,
				75CD181B22C5DD6B00E2FB12 /* Release */,
			);
			defaultConfigurationIsVisible = 0;
			defaultConfigurationName = Release;
		};
		75CD181C22C5DD6B00E2FB12 /* Build configuration list for PBXNativeTarget "budget" */ = {
			isa = XCConfigurationList;
			buildConfigurations = (
				75CD181D22C5DD6B00E2FB12 /* Debug */,
				75CD181E22C5DD6B00E2FB12 /* Release */,
			);
			defaultConfigurationIsVisible = 0;
			defaultConfigurationName = Release;
		};
/* End XCConfigurationList section */

/* Begin XCVersionGroup section */
		75B4D39122E827A400438A7A /* Model.xcdatamodeld */ = {
			isa = XCVersionGroup;
			children = (
				75B4D39222E827A400438A7A /* Model.xcdatamodel */,
			);
			currentVersion = 75B4D39222E827A400438A7A /* Model.xcdatamodel */;
			path = Model.xcdatamodeld;
			sourceTree = "<group>";
			versionGroupType = wrapper.xcdatamodel;
		};
/* End XCVersionGroup section */
	};
	rootObject = 75CD180222C5DD6800E2FB12 /* Project object */;
}
