// !$*UTF8*$!
{
	archiveVersion = 1;
	classes = {
	};
	objectVersion = 51;
	objects = {

/* Begin PBXBuildFile section */
		3E7565EB3EE97495293EAEC0 /* Pods_budget.framework in Frameworks */ = {isa = PBXBuildFile; fileRef = 4E7129ADDBEE30393855BB67 /* Pods_budget.framework */; };
		7514AEE8238B366000D9D436 /* SearchExpensesViewController.swift in Sources */ = {isa = PBXBuildFile; fileRef = 7514AEE7238B366000D9D436 /* SearchExpensesViewController.swift */; };
		751805D424DF694800B3FA47 /* ColorPalette.swift in Sources */ = {isa = PBXBuildFile; fileRef = 751805D324DF694800B3FA47 /* ColorPalette.swift */; };
		7518D86825622F9E00C51521 /* CalendarViewModel.swift in Sources */ = {isa = PBXBuildFile; fileRef = 7518D86725622F9E00C51521 /* CalendarViewModel.swift */; };
		751DE0BB24D628D500AD04C9 /* SliderView.swift in Sources */ = {isa = PBXBuildFile; fileRef = 751DE0BA24D628D500AD04C9 /* SliderView.swift */; };
		751DE0BD24D6833600AD04C9 /* HomeCategoryCell.swift in Sources */ = {isa = PBXBuildFile; fileRef = 751DE0BC24D6833600AD04C9 /* HomeCategoryCell.swift */; };
		75373B4022ECF70500113E81 /* SingleExpenseDetailViewController.swift in Sources */ = {isa = PBXBuildFile; fileRef = 75373B3F22ECF70500113E81 /* SingleExpenseDetailViewController.swift */; };
		75373B4222ED144500113E81 /* ReceiptViewController.swift in Sources */ = {isa = PBXBuildFile; fileRef = 75373B4122ED144500113E81 /* ReceiptViewController.swift */; };
		75373B4522ED747600113E81 /* RecietAlbumViewController.swift in Sources */ = {isa = PBXBuildFile; fileRef = 75373B4422ED747600113E81 /* RecietAlbumViewController.swift */; };
		75373B4722ED792D00113E81 /* ReceiptAlbumTableViewCell.swift in Sources */ = {isa = PBXBuildFile; fileRef = 75373B4622ED792D00113E81 /* ReceiptAlbumTableViewCell.swift */; };
		75373B4922ED842000113E81 /* ReceiptCollectionViewCell.swift in Sources */ = {isa = PBXBuildFile; fileRef = 75373B4822ED842000113E81 /* ReceiptCollectionViewCell.swift */; };
		75373B7D22F4085500113E81 /* EditIncomeView.swift in Sources */ = {isa = PBXBuildFile; fileRef = 75373B7C22F4085500113E81 /* EditIncomeView.swift */; };
		754248BF234A8A55004B6ECF /* MonthCalculator.swift in Sources */ = {isa = PBXBuildFile; fileRef = 754248BE234A8A55004B6ECF /* MonthCalculator.swift */; };
		7550A3FA23493D730063FE3E /* .gitignore in Resources */ = {isa = PBXBuildFile; fileRef = 7550A3F923493D730063FE3E /* .gitignore */; };
		7550A3FD23493FA40063FE3E /* .swiftlint.yml in Resources */ = {isa = PBXBuildFile; fileRef = 7550A3FC23493FA40063FE3E /* .swiftlint.yml */; };
		7553E37A253CDA1200432486 /* ChartCellViewModel.swift in Sources */ = {isa = PBXBuildFile; fileRef = 7553E379253CDA1200432486 /* ChartCellViewModel.swift */; };
		7553E37E253CDFB700432486 /* SF Compact Text Regular.otf in Resources */ = {isa = PBXBuildFile; fileRef = 7553E37D253CDFB700432486 /* SF Compact Text Regular.otf */; };
		755FFBE12345AA4D0085C5E5 /* BudgetController.swift in Sources */ = {isa = PBXBuildFile; fileRef = 755FFBE02345AA4D0085C5E5 /* BudgetController.swift */; };
		755FFBEB2345BCCB0085C5E5 /* ImageSaver.swift in Sources */ = {isa = PBXBuildFile; fileRef = 755FFBEA2345BCCB0085C5E5 /* ImageSaver.swift */; };
		756A644023700E19000BCBF3 /* UIImage+Scaling.swift in Sources */ = {isa = PBXBuildFile; fileRef = 756A643F23700E19000BCBF3 /* UIImage+Scaling.swift */; };
		757175BB2569F18E0097AD28 /* CalendarViewController.swift in Sources */ = {isa = PBXBuildFile; fileRef = 757175BA2569F18E0097AD28 /* CalendarViewController.swift */; };
		757175BF2569F1BB0097AD28 /* CalendarCoordinator.swift in Sources */ = {isa = PBXBuildFile; fileRef = 757175BE2569F1BB0097AD28 /* CalendarCoordinator.swift */; };
		757175C6256B3B870097AD28 /* CalendarViewModelTests.swift in Sources */ = {isa = PBXBuildFile; fileRef = 757175C5256B3B870097AD28 /* CalendarViewModelTests.swift */; };
		75A3E594253D0D7F00D92266 /* NotificationName.swift in Sources */ = {isa = PBXBuildFile; fileRef = 75A3E593253D0D7F00D92266 /* NotificationName.swift */; };
		75ADCEA52491DBDF00320593 /* Income.swift in Sources */ = {isa = PBXBuildFile; fileRef = 75ADCEA42491DBDF00320593 /* Income.swift */; };
		75ADCEA72491DE3400320593 /* Expense.swift in Sources */ = {isa = PBXBuildFile; fileRef = 75ADCEA62491DE3400320593 /* Expense.swift */; };
		75ADCEA92491DE4000320593 /* Category.swift in Sources */ = {isa = PBXBuildFile; fileRef = 75ADCEA82491DE4000320593 /* Category.swift */; };
		75ADCEAC2491F91E00320593 /* Coordinator.swift in Sources */ = {isa = PBXBuildFile; fileRef = 75ADCEAB2491F91E00320593 /* Coordinator.swift */; };
		75ADCEAE2491F9A600320593 /* AppCoordinator.swift in Sources */ = {isa = PBXBuildFile; fileRef = 75ADCEAD2491F9A600320593 /* AppCoordinator.swift */; };
		75ADCEB02491FD9D00320593 /* HomeCoordinator.swift in Sources */ = {isa = PBXBuildFile; fileRef = 75ADCEAF2491FD9D00320593 /* HomeCoordinator.swift */; };
		75ADCEB32492035E00320593 /* SharedUI.swift in Sources */ = {isa = PBXBuildFile; fileRef = 75ADCEB22492035E00320593 /* SharedUI.swift */; };
		75ADCEB52493414C00320593 /* HomeViewModel.swift in Sources */ = {isa = PBXBuildFile; fileRef = 75ADCEB42493414C00320593 /* HomeViewModel.swift */; };
		75ADCEB92495C27D00320593 /* TabHeaderView.swift in Sources */ = {isa = PBXBuildFile; fileRef = 75ADCEB82495C27D00320593 /* TabHeaderView.swift */; };
		75ADCEC02495F41000320593 /* FontPalette.swift in Sources */ = {isa = PBXBuildFile; fileRef = 75ADCEBF2495F41000320593 /* FontPalette.swift */; };
		75ADCECA2495F96D00320593 /* UIViewController+extension.swift in Sources */ = {isa = PBXBuildFile; fileRef = 75ADCEC92495F96D00320593 /* UIViewController+extension.swift */; };
		75AEC11722E3D7170006A057 /* SharedView.swift in Sources */ = {isa = PBXBuildFile; fileRef = 75AEC11622E3D7170006A057 /* SharedView.swift */; };
		75AEC11922E3DC8A0006A057 /* BasicViewController.swift in Sources */ = {isa = PBXBuildFile; fileRef = 75AEC11822E3DC8A0006A057 /* BasicViewController.swift */; };
		75AEC11C22E3E2480006A057 /* MonthView.swift in Sources */ = {isa = PBXBuildFile; fileRef = 75AEC11B22E3E2480006A057 /* MonthView.swift */; };
		75AEC11E22E3E2700006A057 /* CalendarView.swift in Sources */ = {isa = PBXBuildFile; fileRef = 75AEC11D22E3E2700006A057 /* CalendarView.swift */; };
		75AEC12022E409DE0006A057 /* WeekdayView.swift in Sources */ = {isa = PBXBuildFile; fileRef = 75AEC11F22E409DE0006A057 /* WeekdayView.swift */; };
		75AEC12222E413290006A057 /* ExpenseViewController.swift in Sources */ = {isa = PBXBuildFile; fileRef = 75AEC12122E413290006A057 /* ExpenseViewController.swift */; };
		75AEC12422E446600006A057 /* SegueDirection.swift in Sources */ = {isa = PBXBuildFile; fileRef = 75AEC12322E446600006A057 /* SegueDirection.swift */; };
		75AEC12922E54F1B0006A057 /* SingleDayViewController.swift in Sources */ = {isa = PBXBuildFile; fileRef = 75AEC12822E54F1B0006A057 /* SingleDayViewController.swift */; };
		75AEC12B22E577590006A057 /* AddEntryViewController.swift in Sources */ = {isa = PBXBuildFile; fileRef = 75AEC12A22E577590006A057 /* AddEntryViewController.swift */; };
		75B4D3BA22E9854E00438A7A /* ExpenseTableViewCell.swift in Sources */ = {isa = PBXBuildFile; fileRef = 75B4D3B922E9854E00438A7A /* ExpenseTableViewCell.swift */; };
		75BB367D2505F41500CD92A4 /* HomeViewModelTest.swift in Sources */ = {isa = PBXBuildFile; fileRef = 75BB367C2505F41500CD92A4 /* HomeViewModelTest.swift */; };
		75BB937022EAC77E002C57AF /* AddEntryTableViewCell.swift in Sources */ = {isa = PBXBuildFile; fileRef = 75BB936F22EAC77E002C57AF /* AddEntryTableViewCell.swift */; };
		75BCC2CB234A9175001CA01A /* BudgetCalculator.swift in Sources */ = {isa = PBXBuildFile; fileRef = 75BCC2CA234A9175001CA01A /* BudgetCalculator.swift */; };
		75BCC2CD234ABAC2001CA01A /* CircleView.swift in Sources */ = {isa = PBXBuildFile; fileRef = 75BCC2CC234ABAC2001CA01A /* CircleView.swift */; };
		75C19A52253266BB002E856E /* SF-Compact-Text-Light.otf in Resources */ = {isa = PBXBuildFile; fileRef = 75C19A4C253264DB002E856E /* SF-Compact-Text-Light.otf */; };
		75C19A55253266BE002E856E /* SF-Compact-Text-Semibold.otf in Resources */ = {isa = PBXBuildFile; fileRef = 75C19A4D253264F9002E856E /* SF-Compact-Text-Semibold.otf */; };
		75C19A58253267A2002E856E /* SF-Compact-Text-Light.otf in Resources */ = {isa = PBXBuildFile; fileRef = 75C19A4C253264DB002E856E /* SF-Compact-Text-Light.otf */; };
		75C19A59253267A2002E856E /* SF-Compact-Text-Semibold.otf in Resources */ = {isa = PBXBuildFile; fileRef = 75C19A4D253264F9002E856E /* SF-Compact-Text-Semibold.otf */; };
		75C19A5D25326A89002E856E /* SF Compact Text Medium.otf in Resources */ = {isa = PBXBuildFile; fileRef = 75C19A5C25326A86002E856E /* SF Compact Text Medium.otf */; };
		75C19A6225326E59002E856E /* DetailsViewModelTests.swift in Sources */ = {isa = PBXBuildFile; fileRef = 75C19A6125326E59002E856E /* DetailsViewModelTests.swift */; };
		75C19A6D25327F6A002E856E /* AddCategoriesViewController.swift in Sources */ = {isa = PBXBuildFile; fileRef = 75C19A6C25327F6A002E856E /* AddCategoriesViewController.swift */; };
		75C19A712532801F002E856E /* AddCategoriesViewModel.swift in Sources */ = {isa = PBXBuildFile; fileRef = 75C19A702532801F002E856E /* AddCategoriesViewModel.swift */; };
		75C19A7525328F38002E856E /* CategoryIconCell.swift in Sources */ = {isa = PBXBuildFile; fileRef = 75C19A7425328F38002E856E /* CategoryIconCell.swift */; };
		75C19A7925328F46002E856E /* CategoryIconCellViewModel.swift in Sources */ = {isa = PBXBuildFile; fileRef = 75C19A7825328F46002E856E /* CategoryIconCellViewModel.swift */; };
		75C19A822533E882002E856E /* ChartViewModel.swift in Sources */ = {isa = PBXBuildFile; fileRef = 75C19A812533E882002E856E /* ChartViewModel.swift */; };
		75C2BF80236819050028720B /* ChartTableViewCell.swift in Sources */ = {isa = PBXBuildFile; fileRef = 75C2BF7F236819050028720B /* ChartTableViewCell.swift */; };
		75CB81012504BA5600F511B0 /* HomeCategoryCellViewModel.swift in Sources */ = {isa = PBXBuildFile; fileRef = 75CB81002504BA5600F511B0 /* HomeCategoryCellViewModel.swift */; };
		75CD180E22C5DD6800E2FB12 /* AppDelegate.swift in Sources */ = {isa = PBXBuildFile; fileRef = 75CD180D22C5DD6800E2FB12 /* AppDelegate.swift */; };
		75CD181022C5DD6800E2FB12 /* HomeViewController.swift in Sources */ = {isa = PBXBuildFile; fileRef = 75CD180F22C5DD6800E2FB12 /* HomeViewController.swift */; };
		75CD181522C5DD6B00E2FB12 /* Assets.xcassets in Resources */ = {isa = PBXBuildFile; fileRef = 75CD181422C5DD6B00E2FB12 /* Assets.xcassets */; };
		75CD181822C5DD6B00E2FB12 /* LaunchScreen.storyboard in Resources */ = {isa = PBXBuildFile; fileRef = 75CD181622C5DD6B00E2FB12 /* LaunchScreen.storyboard */; };
		75DE6496251FD2E40017DD1E /* UITextField+Utilities.swift in Sources */ = {isa = PBXBuildFile; fileRef = 75DE6495251FD2E40017DD1E /* UITextField+Utilities.swift */; };
		75DE6C28252D611D0017DD1E /* CategorySelectionCell.swift in Sources */ = {isa = PBXBuildFile; fileRef = 75DE6C27252D611D0017DD1E /* CategorySelectionCell.swift */; };
		75DE6C2C252D61C40017DD1E /* UIView+Utilities.swift in Sources */ = {isa = PBXBuildFile; fileRef = 75DE6C2B252D61C40017DD1E /* UIView+Utilities.swift */; };
		75DE6C30252D63820017DD1E /* CategorySelectionCellViewModel.swift in Sources */ = {isa = PBXBuildFile; fileRef = 75DE6C2F252D63820017DD1E /* CategorySelectionCellViewModel.swift */; };
		75E0BD5C22CDA7DB00FE0F6C /* MenuViewController.swift in Sources */ = {isa = PBXBuildFile; fileRef = 75E0BD5B22CDA7DB00FE0F6C /* MenuViewController.swift */; };
		75E0BD6022CDB91600FE0F6C /* MenuTableViewCell.swift in Sources */ = {isa = PBXBuildFile; fileRef = 75E0BD5F22CDB91600FE0F6C /* MenuTableViewCell.swift */; };
		75E0BD6222CDBCC000FE0F6C /* GlobalStuffs.swift in Sources */ = {isa = PBXBuildFile; fileRef = 75E0BD6122CDBCC000FE0F6C /* GlobalStuffs.swift */; };
		75E0BD6422CDC63500FE0F6C /* DetailsViewController.swift in Sources */ = {isa = PBXBuildFile; fileRef = 75E0BD6322CDC63500FE0F6C /* DetailsViewController.swift */; };
		75E0BD6722CDD1BA00FE0F6C /* DetailsTableViewCell.swift in Sources */ = {isa = PBXBuildFile; fileRef = 75E0BD6622CDD1BA00FE0F6C /* DetailsTableViewCell.swift */; };
		75E32A362506BD0C00731D9C /* AddExpenseCoordinator.swift in Sources */ = {isa = PBXBuildFile; fileRef = 75E32A352506BD0C00731D9C /* AddExpenseCoordinator.swift */; };
		75E32A38250704F900731D9C /* AddExpenseViewModel.swift in Sources */ = {isa = PBXBuildFile; fileRef = 75E32A37250704F900731D9C /* AddExpenseViewModel.swift */; };
		75E32A3B25070AC700731D9C /* AddExpenseViewModelTests.swift in Sources */ = {isa = PBXBuildFile; fileRef = 75E32A3A25070AC700731D9C /* AddExpenseViewModelTests.swift */; };
		75E6F65D23666A8B002F3BF3 /* ChartViewController.swift in Sources */ = {isa = PBXBuildFile; fileRef = 75E6F65C23666A8B002F3BF3 /* ChartViewController.swift */; };
		75F227E9249B2CAD000F21A0 /* IncomeViewModel.swift in Sources */ = {isa = PBXBuildFile; fileRef = 75F227E8249B2CAD000F21A0 /* IncomeViewModel.swift */; };
		75F2FB7F235138B9006007D8 /* DateCollectionViewCell.swift in Sources */ = {isa = PBXBuildFile; fileRef = 75F2FB7E235138B9006007D8 /* DateCollectionViewCell.swift */; };
		75F2FB8223513C9F006007D8 /* Date+Utility.swift in Sources */ = {isa = PBXBuildFile; fileRef = 75F2FB8123513C9F006007D8 /* Date+Utility.swift */; };
		75F2FB842352E296006007D8 /* TabBarController.swift in Sources */ = {isa = PBXBuildFile; fileRef = 75F2FB832352E296006007D8 /* TabBarController.swift */; };
		75F468E82531877E00418B74 /* DetailsCoordinator.swift in Sources */ = {isa = PBXBuildFile; fileRef = 75F468E72531877E00418B74 /* DetailsCoordinator.swift */; };
		75F468EE25318B2500418B74 /* DetailsViewModel.swift in Sources */ = {isa = PBXBuildFile; fileRef = 75F468ED25318B2500418B74 /* DetailsViewModel.swift */; };
		75F468F225325ECE00418B74 /* DetailsCategoryCell.swift in Sources */ = {isa = PBXBuildFile; fileRef = 75F468F125325ECE00418B74 /* DetailsCategoryCell.swift */; };
		75F468F825325EE200418B74 /* DetailsCategoryCellViewModel.swift in Sources */ = {isa = PBXBuildFile; fileRef = 75F468F725325EE200418B74 /* DetailsCategoryCellViewModel.swift */; };
		C60D1935DF75D591167DAB3C /* Pods_BudgetTests.framework in Frameworks */ = {isa = PBXBuildFile; fileRef = 2A203DDCA8805D95F029B0A3 /* Pods_BudgetTests.framework */; };
/* End PBXBuildFile section */

/* Begin PBXContainerItemProxy section */
		756A645A23754063000BCBF3 /* PBXContainerItemProxy */ = {
			isa = PBXContainerItemProxy;
			containerPortal = 75CD180222C5DD6800E2FB12 /* Project object */;
			proxyType = 1;
			remoteGlobalIDString = 75CD180922C5DD6800E2FB12;
			remoteInfo = budget;
		};
/* End PBXContainerItemProxy section */

/* Begin PBXFileReference section */
		2A203DDCA8805D95F029B0A3 /* Pods_BudgetTests.framework */ = {isa = PBXFileReference; explicitFileType = wrapper.framework; includeInIndex = 0; path = Pods_BudgetTests.framework; sourceTree = BUILT_PRODUCTS_DIR; };
		3B24A615C7E375ACB1EB71FB /* Pods-BudgetTests.release.xcconfig */ = {isa = PBXFileReference; includeInIndex = 1; lastKnownFileType = text.xcconfig; name = "Pods-BudgetTests.release.xcconfig"; path = "Target Support Files/Pods-BudgetTests/Pods-BudgetTests.release.xcconfig"; sourceTree = "<group>"; };
		4E7129ADDBEE30393855BB67 /* Pods_budget.framework */ = {isa = PBXFileReference; explicitFileType = wrapper.framework; includeInIndex = 0; path = Pods_budget.framework; sourceTree = BUILT_PRODUCTS_DIR; };
		4EE3F533650DB3661115FAAA /* Pods-BudgetTests.debug.xcconfig */ = {isa = PBXFileReference; includeInIndex = 1; lastKnownFileType = text.xcconfig; name = "Pods-BudgetTests.debug.xcconfig"; path = "Target Support Files/Pods-BudgetTests/Pods-BudgetTests.debug.xcconfig"; sourceTree = "<group>"; };
		559E746410EB15F9655A2C81 /* Pods-budget.debug.xcconfig */ = {isa = PBXFileReference; includeInIndex = 1; lastKnownFileType = text.xcconfig; name = "Pods-budget.debug.xcconfig"; path = "Target Support Files/Pods-budget/Pods-budget.debug.xcconfig"; sourceTree = "<group>"; };
		7514AEE7238B366000D9D436 /* SearchExpensesViewController.swift */ = {isa = PBXFileReference; lastKnownFileType = sourcecode.swift; path = SearchExpensesViewController.swift; sourceTree = "<group>"; };
		751805D324DF694800B3FA47 /* ColorPalette.swift */ = {isa = PBXFileReference; lastKnownFileType = sourcecode.swift; path = ColorPalette.swift; sourceTree = "<group>"; };
		7518D86725622F9E00C51521 /* CalendarViewModel.swift */ = {isa = PBXFileReference; lastKnownFileType = sourcecode.swift; path = CalendarViewModel.swift; sourceTree = "<group>"; };
		751DE0BA24D628D500AD04C9 /* SliderView.swift */ = {isa = PBXFileReference; lastKnownFileType = sourcecode.swift; path = SliderView.swift; sourceTree = "<group>"; };
		751DE0BC24D6833600AD04C9 /* HomeCategoryCell.swift */ = {isa = PBXFileReference; lastKnownFileType = sourcecode.swift; path = HomeCategoryCell.swift; sourceTree = "<group>"; };
		75373B3F22ECF70500113E81 /* SingleExpenseDetailViewController.swift */ = {isa = PBXFileReference; lastKnownFileType = sourcecode.swift; path = SingleExpenseDetailViewController.swift; sourceTree = "<group>"; };
		75373B4122ED144500113E81 /* ReceiptViewController.swift */ = {isa = PBXFileReference; lastKnownFileType = sourcecode.swift; path = ReceiptViewController.swift; sourceTree = "<group>"; };
		75373B4422ED747600113E81 /* RecietAlbumViewController.swift */ = {isa = PBXFileReference; lastKnownFileType = sourcecode.swift; path = RecietAlbumViewController.swift; sourceTree = "<group>"; };
		75373B4622ED792D00113E81 /* ReceiptAlbumTableViewCell.swift */ = {isa = PBXFileReference; lastKnownFileType = sourcecode.swift; path = ReceiptAlbumTableViewCell.swift; sourceTree = "<group>"; };
		75373B4822ED842000113E81 /* ReceiptCollectionViewCell.swift */ = {isa = PBXFileReference; lastKnownFileType = sourcecode.swift; path = ReceiptCollectionViewCell.swift; sourceTree = "<group>"; };
		75373B7C22F4085500113E81 /* EditIncomeView.swift */ = {isa = PBXFileReference; lastKnownFileType = sourcecode.swift; path = EditIncomeView.swift; sourceTree = "<group>"; };
		754248BC234949A0004B6ECF /* Info.plist */ = {isa = PBXFileReference; fileEncoding = 4; lastKnownFileType = text.plist.xml; path = Info.plist; sourceTree = "<group>"; };
		754248BE234A8A55004B6ECF /* MonthCalculator.swift */ = {isa = PBXFileReference; lastKnownFileType = sourcecode.swift; path = MonthCalculator.swift; sourceTree = "<group>"; };
		7550A3F923493D730063FE3E /* .gitignore */ = {isa = PBXFileReference; lastKnownFileType = text; path = .gitignore; sourceTree = "<group>"; };
		7550A3FC23493FA40063FE3E /* .swiftlint.yml */ = {isa = PBXFileReference; lastKnownFileType = text.yaml; path = .swiftlint.yml; sourceTree = "<group>"; };
		7553E379253CDA1200432486 /* ChartCellViewModel.swift */ = {isa = PBXFileReference; lastKnownFileType = sourcecode.swift; path = ChartCellViewModel.swift; sourceTree = "<group>"; };
		7553E37D253CDFB700432486 /* SF Compact Text Regular.otf */ = {isa = PBXFileReference; lastKnownFileType = file; path = "SF Compact Text Regular.otf"; sourceTree = "<group>"; };
		755FFBE02345AA4D0085C5E5 /* BudgetController.swift */ = {isa = PBXFileReference; lastKnownFileType = sourcecode.swift; path = BudgetController.swift; sourceTree = "<group>"; };
		755FFBEA2345BCCB0085C5E5 /* ImageSaver.swift */ = {isa = PBXFileReference; lastKnownFileType = sourcecode.swift; path = ImageSaver.swift; sourceTree = "<group>"; };
		756A643F23700E19000BCBF3 /* UIImage+Scaling.swift */ = {isa = PBXFileReference; fileEncoding = 4; lastKnownFileType = sourcecode.swift; path = "UIImage+Scaling.swift"; sourceTree = "<group>"; };
		756A644F23753FB0000BCBF3 /* ScrollableGraphView.framework */ = {isa = PBXFileReference; explicitFileType = wrapper.framework; path = ScrollableGraphView.framework; sourceTree = BUILT_PRODUCTS_DIR; };
		756A645523754063000BCBF3 /* BudgetTests.xctest */ = {isa = PBXFileReference; explicitFileType = wrapper.cfbundle; includeInIndex = 0; path = BudgetTests.xctest; sourceTree = BUILT_PRODUCTS_DIR; };
		756A645923754063000BCBF3 /* Info.plist */ = {isa = PBXFileReference; lastKnownFileType = text.plist.xml; path = Info.plist; sourceTree = "<group>"; };
		757175BA2569F18E0097AD28 /* CalendarViewController.swift */ = {isa = PBXFileReference; lastKnownFileType = sourcecode.swift; path = CalendarViewController.swift; sourceTree = "<group>"; };
		757175BE2569F1BB0097AD28 /* CalendarCoordinator.swift */ = {isa = PBXFileReference; lastKnownFileType = sourcecode.swift; path = CalendarCoordinator.swift; sourceTree = "<group>"; };
		757175C5256B3B870097AD28 /* CalendarViewModelTests.swift */ = {isa = PBXFileReference; lastKnownFileType = sourcecode.swift; path = CalendarViewModelTests.swift; sourceTree = "<group>"; };
		75A3E593253D0D7F00D92266 /* NotificationName.swift */ = {isa = PBXFileReference; lastKnownFileType = sourcecode.swift; path = NotificationName.swift; sourceTree = "<group>"; };
		75ADCEA42491DBDF00320593 /* Income.swift */ = {isa = PBXFileReference; lastKnownFileType = sourcecode.swift; path = Income.swift; sourceTree = "<group>"; };
		75ADCEA62491DE3400320593 /* Expense.swift */ = {isa = PBXFileReference; lastKnownFileType = sourcecode.swift; path = Expense.swift; sourceTree = "<group>"; };
		75ADCEA82491DE4000320593 /* Category.swift */ = {isa = PBXFileReference; lastKnownFileType = sourcecode.swift; path = Category.swift; sourceTree = "<group>"; };
		75ADCEAB2491F91E00320593 /* Coordinator.swift */ = {isa = PBXFileReference; lastKnownFileType = sourcecode.swift; path = Coordinator.swift; sourceTree = "<group>"; };
		75ADCEAD2491F9A600320593 /* AppCoordinator.swift */ = {isa = PBXFileReference; lastKnownFileType = sourcecode.swift; path = AppCoordinator.swift; sourceTree = "<group>"; };
		75ADCEAF2491FD9D00320593 /* HomeCoordinator.swift */ = {isa = PBXFileReference; lastKnownFileType = sourcecode.swift; path = HomeCoordinator.swift; sourceTree = "<group>"; };
		75ADCEB22492035E00320593 /* SharedUI.swift */ = {isa = PBXFileReference; lastKnownFileType = sourcecode.swift; path = SharedUI.swift; sourceTree = "<group>"; };
		75ADCEB42493414C00320593 /* HomeViewModel.swift */ = {isa = PBXFileReference; lastKnownFileType = sourcecode.swift; path = HomeViewModel.swift; sourceTree = "<group>"; };
		75ADCEB82495C27D00320593 /* TabHeaderView.swift */ = {isa = PBXFileReference; lastKnownFileType = sourcecode.swift; path = TabHeaderView.swift; sourceTree = "<group>"; };
		75ADCEBF2495F41000320593 /* FontPalette.swift */ = {isa = PBXFileReference; lastKnownFileType = sourcecode.swift; path = FontPalette.swift; sourceTree = "<group>"; };
		75ADCEC92495F96D00320593 /* UIViewController+extension.swift */ = {isa = PBXFileReference; lastKnownFileType = sourcecode.swift; path = "UIViewController+extension.swift"; sourceTree = "<group>"; };
		75AEC11622E3D7170006A057 /* SharedView.swift */ = {isa = PBXFileReference; lastKnownFileType = sourcecode.swift; path = SharedView.swift; sourceTree = "<group>"; };
		75AEC11822E3DC8A0006A057 /* BasicViewController.swift */ = {isa = PBXFileReference; lastKnownFileType = sourcecode.swift; path = BasicViewController.swift; sourceTree = "<group>"; };
		75AEC11B22E3E2480006A057 /* MonthView.swift */ = {isa = PBXFileReference; lastKnownFileType = sourcecode.swift; path = MonthView.swift; sourceTree = "<group>"; };
		75AEC11D22E3E2700006A057 /* CalendarView.swift */ = {isa = PBXFileReference; lastKnownFileType = sourcecode.swift; path = CalendarView.swift; sourceTree = "<group>"; };
		75AEC11F22E409DE0006A057 /* WeekdayView.swift */ = {isa = PBXFileReference; lastKnownFileType = sourcecode.swift; path = WeekdayView.swift; sourceTree = "<group>"; };
		75AEC12122E413290006A057 /* ExpenseViewController.swift */ = {isa = PBXFileReference; lastKnownFileType = sourcecode.swift; path = ExpenseViewController.swift; sourceTree = "<group>"; };
		75AEC12322E446600006A057 /* SegueDirection.swift */ = {isa = PBXFileReference; lastKnownFileType = sourcecode.swift; path = SegueDirection.swift; sourceTree = "<group>"; };
		75AEC12822E54F1B0006A057 /* SingleDayViewController.swift */ = {isa = PBXFileReference; lastKnownFileType = sourcecode.swift; path = SingleDayViewController.swift; sourceTree = "<group>"; };
		75AEC12A22E577590006A057 /* AddEntryViewController.swift */ = {isa = PBXFileReference; lastKnownFileType = sourcecode.swift; path = AddEntryViewController.swift; sourceTree = "<group>"; };
		75B4D3B922E9854E00438A7A /* ExpenseTableViewCell.swift */ = {isa = PBXFileReference; lastKnownFileType = sourcecode.swift; path = ExpenseTableViewCell.swift; sourceTree = "<group>"; };
		75BB367C2505F41500CD92A4 /* HomeViewModelTest.swift */ = {isa = PBXFileReference; lastKnownFileType = sourcecode.swift; path = HomeViewModelTest.swift; sourceTree = "<group>"; };
		75BB936F22EAC77E002C57AF /* AddEntryTableViewCell.swift */ = {isa = PBXFileReference; lastKnownFileType = sourcecode.swift; path = AddEntryTableViewCell.swift; sourceTree = "<group>"; };
		75BCC2CA234A9175001CA01A /* BudgetCalculator.swift */ = {isa = PBXFileReference; lastKnownFileType = sourcecode.swift; path = BudgetCalculator.swift; sourceTree = "<group>"; };
		75BCC2CC234ABAC2001CA01A /* CircleView.swift */ = {isa = PBXFileReference; lastKnownFileType = sourcecode.swift; path = CircleView.swift; sourceTree = "<group>"; };
		75C19A4C253264DB002E856E /* SF-Compact-Text-Light.otf */ = {isa = PBXFileReference; lastKnownFileType = file; path = "SF-Compact-Text-Light.otf"; sourceTree = "<group>"; };
		75C19A4D253264F9002E856E /* SF-Compact-Text-Semibold.otf */ = {isa = PBXFileReference; lastKnownFileType = file; path = "SF-Compact-Text-Semibold.otf"; sourceTree = "<group>"; };
		75C19A5C25326A86002E856E /* SF Compact Text Medium.otf */ = {isa = PBXFileReference; lastKnownFileType = file; path = "SF Compact Text Medium.otf"; sourceTree = "<group>"; };
		75C19A6125326E59002E856E /* DetailsViewModelTests.swift */ = {isa = PBXFileReference; lastKnownFileType = sourcecode.swift; path = DetailsViewModelTests.swift; sourceTree = "<group>"; };
		75C19A6C25327F6A002E856E /* AddCategoriesViewController.swift */ = {isa = PBXFileReference; lastKnownFileType = sourcecode.swift; path = AddCategoriesViewController.swift; sourceTree = "<group>"; };
		75C19A702532801F002E856E /* AddCategoriesViewModel.swift */ = {isa = PBXFileReference; lastKnownFileType = sourcecode.swift; path = AddCategoriesViewModel.swift; sourceTree = "<group>"; };
		75C19A7425328F38002E856E /* CategoryIconCell.swift */ = {isa = PBXFileReference; lastKnownFileType = sourcecode.swift; path = CategoryIconCell.swift; sourceTree = "<group>"; };
		75C19A7825328F46002E856E /* CategoryIconCellViewModel.swift */ = {isa = PBXFileReference; lastKnownFileType = sourcecode.swift; path = CategoryIconCellViewModel.swift; sourceTree = "<group>"; };
		75C19A812533E882002E856E /* ChartViewModel.swift */ = {isa = PBXFileReference; lastKnownFileType = sourcecode.swift; path = ChartViewModel.swift; sourceTree = "<group>"; };
		75C2BF7F236819050028720B /* ChartTableViewCell.swift */ = {isa = PBXFileReference; lastKnownFileType = sourcecode.swift; path = ChartTableViewCell.swift; sourceTree = "<group>"; };
		75CB81002504BA5600F511B0 /* HomeCategoryCellViewModel.swift */ = {isa = PBXFileReference; lastKnownFileType = sourcecode.swift; path = HomeCategoryCellViewModel.swift; sourceTree = "<group>"; };
		75CD180A22C5DD6800E2FB12 /* budget.app */ = {isa = PBXFileReference; explicitFileType = wrapper.application; includeInIndex = 0; path = budget.app; sourceTree = BUILT_PRODUCTS_DIR; };
		75CD180D22C5DD6800E2FB12 /* AppDelegate.swift */ = {isa = PBXFileReference; lastKnownFileType = sourcecode.swift; path = AppDelegate.swift; sourceTree = "<group>"; };
		75CD180F22C5DD6800E2FB12 /* HomeViewController.swift */ = {isa = PBXFileReference; lastKnownFileType = sourcecode.swift; path = HomeViewController.swift; sourceTree = "<group>"; };
		75CD181422C5DD6B00E2FB12 /* Assets.xcassets */ = {isa = PBXFileReference; lastKnownFileType = folder.assetcatalog; path = Assets.xcassets; sourceTree = "<group>"; };
		75CD181722C5DD6B00E2FB12 /* Base */ = {isa = PBXFileReference; lastKnownFileType = file.storyboard; name = Base; path = Base.lproj/LaunchScreen.storyboard; sourceTree = "<group>"; };
		75DE6495251FD2E40017DD1E /* UITextField+Utilities.swift */ = {isa = PBXFileReference; lastKnownFileType = sourcecode.swift; path = "UITextField+Utilities.swift"; sourceTree = "<group>"; };
		75DE6C27252D611D0017DD1E /* CategorySelectionCell.swift */ = {isa = PBXFileReference; lastKnownFileType = sourcecode.swift; path = CategorySelectionCell.swift; sourceTree = "<group>"; };
		75DE6C2B252D61C40017DD1E /* UIView+Utilities.swift */ = {isa = PBXFileReference; lastKnownFileType = sourcecode.swift; path = "UIView+Utilities.swift"; sourceTree = "<group>"; };
		75DE6C2F252D63820017DD1E /* CategorySelectionCellViewModel.swift */ = {isa = PBXFileReference; lastKnownFileType = sourcecode.swift; path = CategorySelectionCellViewModel.swift; sourceTree = "<group>"; };
		75E0BD5B22CDA7DB00FE0F6C /* MenuViewController.swift */ = {isa = PBXFileReference; lastKnownFileType = sourcecode.swift; path = MenuViewController.swift; sourceTree = "<group>"; };
		75E0BD5F22CDB91600FE0F6C /* MenuTableViewCell.swift */ = {isa = PBXFileReference; lastKnownFileType = sourcecode.swift; path = MenuTableViewCell.swift; sourceTree = "<group>"; };
		75E0BD6122CDBCC000FE0F6C /* GlobalStuffs.swift */ = {isa = PBXFileReference; lastKnownFileType = sourcecode.swift; path = GlobalStuffs.swift; sourceTree = "<group>"; };
		75E0BD6322CDC63500FE0F6C /* DetailsViewController.swift */ = {isa = PBXFileReference; lastKnownFileType = sourcecode.swift; path = DetailsViewController.swift; sourceTree = "<group>"; };
		75E0BD6622CDD1BA00FE0F6C /* DetailsTableViewCell.swift */ = {isa = PBXFileReference; lastKnownFileType = sourcecode.swift; path = DetailsTableViewCell.swift; sourceTree = "<group>"; };
		75E32A352506BD0C00731D9C /* AddExpenseCoordinator.swift */ = {isa = PBXFileReference; lastKnownFileType = sourcecode.swift; path = AddExpenseCoordinator.swift; sourceTree = "<group>"; };
		75E32A37250704F900731D9C /* AddExpenseViewModel.swift */ = {isa = PBXFileReference; lastKnownFileType = sourcecode.swift; path = AddExpenseViewModel.swift; sourceTree = "<group>"; };
		75E32A3A25070AC700731D9C /* AddExpenseViewModelTests.swift */ = {isa = PBXFileReference; lastKnownFileType = sourcecode.swift; path = AddExpenseViewModelTests.swift; sourceTree = "<group>"; };
		75E6F65C23666A8B002F3BF3 /* ChartViewController.swift */ = {isa = PBXFileReference; lastKnownFileType = sourcecode.swift; path = ChartViewController.swift; sourceTree = "<group>"; };
		75F227E8249B2CAD000F21A0 /* IncomeViewModel.swift */ = {isa = PBXFileReference; lastKnownFileType = sourcecode.swift; path = IncomeViewModel.swift; sourceTree = "<group>"; };
		75F2FB7E235138B9006007D8 /* DateCollectionViewCell.swift */ = {isa = PBXFileReference; lastKnownFileType = sourcecode.swift; path = DateCollectionViewCell.swift; sourceTree = "<group>"; };
		75F2FB8123513C9F006007D8 /* Date+Utility.swift */ = {isa = PBXFileReference; lastKnownFileType = sourcecode.swift; path = "Date+Utility.swift"; sourceTree = "<group>"; };
		75F2FB832352E296006007D8 /* TabBarController.swift */ = {isa = PBXFileReference; lastKnownFileType = sourcecode.swift; path = TabBarController.swift; sourceTree = "<group>"; };
		75F468E72531877E00418B74 /* DetailsCoordinator.swift */ = {isa = PBXFileReference; lastKnownFileType = sourcecode.swift; path = DetailsCoordinator.swift; sourceTree = "<group>"; };
		75F468ED25318B2500418B74 /* DetailsViewModel.swift */ = {isa = PBXFileReference; lastKnownFileType = sourcecode.swift; path = DetailsViewModel.swift; sourceTree = "<group>"; };
		75F468F125325ECE00418B74 /* DetailsCategoryCell.swift */ = {isa = PBXFileReference; lastKnownFileType = sourcecode.swift; path = DetailsCategoryCell.swift; sourceTree = "<group>"; };
		75F468F725325EE200418B74 /* DetailsCategoryCellViewModel.swift */ = {isa = PBXFileReference; lastKnownFileType = sourcecode.swift; path = DetailsCategoryCellViewModel.swift; sourceTree = "<group>"; };
		CA66541F27560E6AADDEFB78 /* Pods-budget.release.xcconfig */ = {isa = PBXFileReference; includeInIndex = 1; lastKnownFileType = text.xcconfig; name = "Pods-budget.release.xcconfig"; path = "Target Support Files/Pods-budget/Pods-budget.release.xcconfig"; sourceTree = "<group>"; };
/* End PBXFileReference section */

/* Begin PBXFrameworksBuildPhase section */
		756A645223754063000BCBF3 /* Frameworks */ = {
			isa = PBXFrameworksBuildPhase;
			buildActionMask = 2147483647;
			files = (
				C60D1935DF75D591167DAB3C /* Pods_BudgetTests.framework in Frameworks */,
			);
			runOnlyForDeploymentPostprocessing = 0;
		};
		75CD180722C5DD6800E2FB12 /* Frameworks */ = {
			isa = PBXFrameworksBuildPhase;
			buildActionMask = 2147483647;
			files = (
				3E7565EB3EE97495293EAEC0 /* Pods_budget.framework in Frameworks */,
			);
			runOnlyForDeploymentPostprocessing = 0;
		};
/* End PBXFrameworksBuildPhase section */

/* Begin PBXGroup section */
		3A75B7D9AFBEB26E5873558E /* Frameworks */ = {
			isa = PBXGroup;
			children = (
				756A644F23753FB0000BCBF3 /* ScrollableGraphView.framework */,
				4E7129ADDBEE30393855BB67 /* Pods_budget.framework */,
				2A203DDCA8805D95F029B0A3 /* Pods_BudgetTests.framework */,
			);
			name = Frameworks;
			sourceTree = "<group>";
		};
		3B7AF52B8ECA19F0D65EEAA0 /* Pods */ = {
			isa = PBXGroup;
			children = (
				559E746410EB15F9655A2C81 /* Pods-budget.debug.xcconfig */,
				CA66541F27560E6AADDEFB78 /* Pods-budget.release.xcconfig */,
				4EE3F533650DB3661115FAAA /* Pods-BudgetTests.debug.xcconfig */,
				3B24A615C7E375ACB1EB71FB /* Pods-BudgetTests.release.xcconfig */,
			);
			path = Pods;
			sourceTree = "<group>";
		};
		7514AEE6238B363900D9D436 /* Search */ = {
			isa = PBXGroup;
			children = (
				7514AEE7238B366000D9D436 /* SearchExpensesViewController.swift */,
			);
			path = Search;
			sourceTree = "<group>";
		};
		7518D86625622F8C00C51521 /* Calendar */ = {
			isa = PBXGroup;
			children = (
				757175BE2569F1BB0097AD28 /* CalendarCoordinator.swift */,
				757175BA2569F18E0097AD28 /* CalendarViewController.swift */,
				7518D86725622F9E00C51521 /* CalendarViewModel.swift */,
				75AEC11B22E3E2480006A057 /* MonthView.swift */,
				75AEC11D22E3E2700006A057 /* CalendarView.swift */,
				75BCC2CC234ABAC2001CA01A /* CircleView.swift */,
				75F2FB7E235138B9006007D8 /* DateCollectionViewCell.swift */,
				75AEC11F22E409DE0006A057 /* WeekdayView.swift */,
			);
			path = Calendar;
			sourceTree = "<group>";
		};
		75373B4322ED740700113E81 /* reciept */ = {
			isa = PBXGroup;
			children = (
				75373B4422ED747600113E81 /* RecietAlbumViewController.swift */,
				75373B4122ED144500113E81 /* ReceiptViewController.swift */,
				75373B4622ED792D00113E81 /* ReceiptAlbumTableViewCell.swift */,
				75373B4822ED842000113E81 /* ReceiptCollectionViewCell.swift */,
			);
			path = reciept;
			sourceTree = "<group>";
		};
		755FFBDF2345AA360085C5E5 /* ModelController */ = {
			isa = PBXGroup;
			children = (
				755FFBE02345AA4D0085C5E5 /* BudgetController.swift */,
			);
			path = ModelController;
			sourceTree = "<group>";
		};
		755FFBE82345BC790085C5E5 /* Resource */ = {
			isa = PBXGroup;
			children = (
				7553E37D253CDFB700432486 /* SF Compact Text Regular.otf */,
				75C19A5C25326A86002E856E /* SF Compact Text Medium.otf */,
				75C19A4C253264DB002E856E /* SF-Compact-Text-Light.otf */,
				75C19A4D253264F9002E856E /* SF-Compact-Text-Semibold.otf */,
				75CD181422C5DD6B00E2FB12 /* Assets.xcassets */,
				75CD181622C5DD6B00E2FB12 /* LaunchScreen.storyboard */,
				754248BC234949A0004B6ECF /* Info.plist */,
			);
			path = Resource;
			sourceTree = "<group>";
		};
		755FFBE92345BCAE0085C5E5 /* Helper */ = {
			isa = PBXGroup;
			children = (
				75F2FB8023513C72006007D8 /* extension */,
				75E0BD6122CDBCC000FE0F6C /* GlobalStuffs.swift */,
				755FFBEA2345BCCB0085C5E5 /* ImageSaver.swift */,
				754248BE234A8A55004B6ECF /* MonthCalculator.swift */,
				75BCC2CA234A9175001CA01A /* BudgetCalculator.swift */,
			);
			path = Helper;
			sourceTree = "<group>";
		};
		756A645623754063000BCBF3 /* BudgetTests */ = {
			isa = PBXGroup;
			children = (
				757175C4256B3B580097AD28 /* Calendar */,
				75C19A6025326E43002E856E /* Details */,
				75E32A3925070AAF00731D9C /* Add */,
				75BB36782505C1CF00CD92A4 /* Home */,
				756A645923754063000BCBF3 /* Info.plist */,
			);
			path = BudgetTests;
			sourceTree = "<group>";
		};
		757175C4256B3B580097AD28 /* Calendar */ = {
			isa = PBXGroup;
			children = (
				757175C5256B3B870097AD28 /* CalendarViewModelTests.swift */,
			);
			path = Calendar;
			sourceTree = "<group>";
		};
		75ADCEAA2491F4D500320593 /* Home */ = {
			isa = PBXGroup;
			children = (
				751DE0BC24D6833600AD04C9 /* HomeCategoryCell.swift */,
				75CD180F22C5DD6800E2FB12 /* HomeViewController.swift */,
				75ADCEB42493414C00320593 /* HomeViewModel.swift */,
				75ADCEAF2491FD9D00320593 /* HomeCoordinator.swift */,
				75CB81002504BA5600F511B0 /* HomeCategoryCellViewModel.swift */,
			);
			path = Home;
			sourceTree = "<group>";
		};
		75ADCEB12492034E00320593 /* Shared */ = {
			isa = PBXGroup;
			children = (
				75AEC11422E3D6010006A057 /* CustomViews */,
				75ADCEB22492035E00320593 /* SharedUI.swift */,
				75ADCEB82495C27D00320593 /* TabHeaderView.swift */,
				75ADCEBF2495F41000320593 /* FontPalette.swift */,
				751DE0BA24D628D500AD04C9 /* SliderView.swift */,
				751805D324DF694800B3FA47 /* ColorPalette.swift */,
				75A3E593253D0D7F00D92266 /* NotificationName.swift */,
			);
			path = Shared;
			sourceTree = "<group>";
		};
		75ADCEBA2495CABC00320593 /* Details */ = {
			isa = PBXGroup;
			children = (
				75C19A802533E804002E856E /* Chart */,
				75C19A6B25327E32002E856E /* AddCategories */,
				75E0BD6322CDC63500FE0F6C /* DetailsViewController.swift */,
				75F468E72531877E00418B74 /* DetailsCoordinator.swift */,
				75F468ED25318B2500418B74 /* DetailsViewModel.swift */,
				75F468F125325ECE00418B74 /* DetailsCategoryCell.swift */,
				75F468F725325EE200418B74 /* DetailsCategoryCellViewModel.swift */,
			);
			path = Details;
			sourceTree = "<group>";
		};
		75ADCEBB2495CAC300320593 /* Add */ = {
			isa = PBXGroup;
			children = (
				75AEC12A22E577590006A057 /* AddEntryViewController.swift */,
				75E32A352506BD0C00731D9C /* AddExpenseCoordinator.swift */,
				75E32A37250704F900731D9C /* AddExpenseViewModel.swift */,
				75DE6C27252D611D0017DD1E /* CategorySelectionCell.swift */,
				75DE6C2F252D63820017DD1E /* CategorySelectionCellViewModel.swift */,
			);
			path = Add;
			sourceTree = "<group>";
		};
		75ADCEBD2495CAD000320593 /* Goal */ = {
			isa = PBXGroup;
			children = (
			);
			path = Goal;
			sourceTree = "<group>";
		};
		75ADCEBE2495CB7B00320593 /* Deprecated */ = {
			isa = PBXGroup;
			children = (
				75BB936F22EAC77E002C57AF /* AddEntryTableViewCell.swift */,
				75AEC11822E3DC8A0006A057 /* BasicViewController.swift */,
				75E0BD5B22CDA7DB00FE0F6C /* MenuViewController.swift */,
				75E0BD5F22CDB91600FE0F6C /* MenuTableViewCell.swift */,
				75E0BD6622CDD1BA00FE0F6C /* DetailsTableViewCell.swift */,
				75F227E8249B2CAD000F21A0 /* IncomeViewModel.swift */,
				75373B4322ED740700113E81 /* reciept */,
			);
			path = Deprecated;
			sourceTree = "<group>";
		};
		75AEC11422E3D6010006A057 /* CustomViews */ = {
			isa = PBXGroup;
			children = (
				75AEC11A22E3E2250006A057 /* Calender */,
				75AEC11622E3D7170006A057 /* SharedView.swift */,
				75AEC12322E446600006A057 /* SegueDirection.swift */,
				75373B7C22F4085500113E81 /* EditIncomeView.swift */,
			);
			path = CustomViews;
			sourceTree = "<group>";
		};
		75AEC11522E3D6110006A057 /* Model */ = {
			isa = PBXGroup;
			children = (
				75ADCEA82491DE4000320593 /* Category.swift */,
				75ADCEA62491DE3400320593 /* Expense.swift */,
				75ADCEA42491DBDF00320593 /* Income.swift */,
			);
			path = Model;
			sourceTree = "<group>";
		};
		75AEC11A22E3E2250006A057 /* Calender */ = {
			isa = PBXGroup;
			children = (
			);
			path = Calender;
			sourceTree = "<group>";
		};
		75AEC12722E54EFA0006A057 /* Expenses */ = {
			isa = PBXGroup;
			children = (
				75AEC12122E413290006A057 /* ExpenseViewController.swift */,
				75AEC12822E54F1B0006A057 /* SingleDayViewController.swift */,
				75B4D3B922E9854E00438A7A /* ExpenseTableViewCell.swift */,
				75373B3F22ECF70500113E81 /* SingleExpenseDetailViewController.swift */,
			);
			path = Expenses;
			sourceTree = "<group>";
		};
		75BB36782505C1CF00CD92A4 /* Home */ = {
			isa = PBXGroup;
			children = (
				75BB367C2505F41500CD92A4 /* HomeViewModelTest.swift */,
			);
			path = Home;
			sourceTree = "<group>";
		};
		75C19A6025326E43002E856E /* Details */ = {
			isa = PBXGroup;
			children = (
				75C19A6125326E59002E856E /* DetailsViewModelTests.swift */,
			);
			path = Details;
			sourceTree = "<group>";
		};
		75C19A6B25327E32002E856E /* AddCategories */ = {
			isa = PBXGroup;
			children = (
				75C19A6C25327F6A002E856E /* AddCategoriesViewController.swift */,
				75C19A702532801F002E856E /* AddCategoriesViewModel.swift */,
				75C19A7425328F38002E856E /* CategoryIconCell.swift */,
				75C19A7825328F46002E856E /* CategoryIconCellViewModel.swift */,
			);
			path = AddCategories;
			sourceTree = "<group>";
		};
		75C19A802533E804002E856E /* Chart */ = {
			isa = PBXGroup;
			children = (
				75C2BF7F236819050028720B /* ChartTableViewCell.swift */,
				75E6F65C23666A8B002F3BF3 /* ChartViewController.swift */,
				75C19A812533E882002E856E /* ChartViewModel.swift */,
				7553E379253CDA1200432486 /* ChartCellViewModel.swift */,
			);
			path = Chart;
			sourceTree = "<group>";
		};
		75CD180122C5DD6800E2FB12 = {
			isa = PBXGroup;
			children = (
				7550A3FC23493FA40063FE3E /* .swiftlint.yml */,
				7550A3F923493D730063FE3E /* .gitignore */,
				75CD180C22C5DD6800E2FB12 /* budget */,
				756A645623754063000BCBF3 /* BudgetTests */,
				75CD180B22C5DD6800E2FB12 /* Products */,
				3B7AF52B8ECA19F0D65EEAA0 /* Pods */,
				3A75B7D9AFBEB26E5873558E /* Frameworks */,
			);
			sourceTree = "<group>";
		};
		75CD180B22C5DD6800E2FB12 /* Products */ = {
			isa = PBXGroup;
			children = (
				75CD180A22C5DD6800E2FB12 /* budget.app */,
				756A645523754063000BCBF3 /* BudgetTests.xctest */,
			);
			name = Products;
			sourceTree = "<group>";
		};
		75CD180C22C5DD6800E2FB12 /* budget */ = {
			isa = PBXGroup;
			children = (
				75ADCEBE2495CB7B00320593 /* Deprecated */,
				7514AEE6238B363900D9D436 /* Search */,
				7518D86625622F8C00C51521 /* Calendar */,
				75ADCEBD2495CAD000320593 /* Goal */,
				75ADCEBB2495CAC300320593 /* Add */,
				75ADCEBA2495CABC00320593 /* Details */,
				75ADCEB12492034E00320593 /* Shared */,
				75ADCEAA2491F4D500320593 /* Home */,
				755FFBDF2345AA360085C5E5 /* ModelController */,
				75AEC11522E3D6110006A057 /* Model */,
				75E0BD6522CDC63D00FE0F6C /* VC */,
				755FFBE92345BCAE0085C5E5 /* Helper */,
				755FFBE82345BC790085C5E5 /* Resource */,
				75ADCEAD2491F9A600320593 /* AppCoordinator.swift */,
				75CD180D22C5DD6800E2FB12 /* AppDelegate.swift */,
				75ADCEAB2491F91E00320593 /* Coordinator.swift */,
			);
			path = budget;
			sourceTree = "<group>";
		};
		75E0BD6522CDC63D00FE0F6C /* VC */ = {
			isa = PBXGroup;
			children = (
				75AEC12722E54EFA0006A057 /* Expenses */,
				75F2FB832352E296006007D8 /* TabBarController.swift */,
			);
			path = VC;
			sourceTree = "<group>";
		};
		75E32A3925070AAF00731D9C /* Add */ = {
			isa = PBXGroup;
			children = (
				75E32A3A25070AC700731D9C /* AddExpenseViewModelTests.swift */,
			);
			path = Add;
			sourceTree = "<group>";
		};
		75F2FB8023513C72006007D8 /* extension */ = {
			isa = PBXGroup;
			children = (
				75DE6495251FD2E40017DD1E /* UITextField+Utilities.swift */,
				75ADCEC92495F96D00320593 /* UIViewController+extension.swift */,
				756A643F23700E19000BCBF3 /* UIImage+Scaling.swift */,
				75F2FB8123513C9F006007D8 /* Date+Utility.swift */,
				75DE6C2B252D61C40017DD1E /* UIView+Utilities.swift */,
			);
			path = extension;
			sourceTree = "<group>";
		};
/* End PBXGroup section */

/* Begin PBXNativeTarget section */
		756A645423754063000BCBF3 /* BudgetTests */ = {
			isa = PBXNativeTarget;
			buildConfigurationList = 756A645C23754063000BCBF3 /* Build configuration list for PBXNativeTarget "BudgetTests" */;
			buildPhases = (
				CB6F734C8CEEE929C21F255D /* [CP] Check Pods Manifest.lock */,
				756A645123754063000BCBF3 /* Sources */,
				756A645223754063000BCBF3 /* Frameworks */,
				756A645323754063000BCBF3 /* Resources */,
				136C804A743C188FB5056036 /* [CP] Embed Pods Frameworks */,
			);
			buildRules = (
			);
			dependencies = (
				756A645B23754063000BCBF3 /* PBXTargetDependency */,
			);
			name = BudgetTests;
			productName = BudgetTests;
			productReference = 756A645523754063000BCBF3 /* BudgetTests.xctest */;
			productType = "com.apple.product-type.bundle.unit-test";
		};
		75CD180922C5DD6800E2FB12 /* budget */ = {
			isa = PBXNativeTarget;
			buildConfigurationList = 75CD181C22C5DD6B00E2FB12 /* Build configuration list for PBXNativeTarget "budget" */;
			buildPhases = (
				C612968C6DB9E29E2C433DF3 /* [CP] Check Pods Manifest.lock */,
				75CD180622C5DD6800E2FB12 /* Sources */,
				75CD180722C5DD6800E2FB12 /* Frameworks */,
				75CD180822C5DD6800E2FB12 /* Resources */,
				7550A3FB23493F1D0063FE3E /* ShellScript */,
				9FDD0038BB3DA252A7066169 /* [CP] Embed Pods Frameworks */,
			);
			buildRules = (
			);
			dependencies = (
			);
			name = budget;
			productName = budget;
			productReference = 75CD180A22C5DD6800E2FB12 /* budget.app */;
			productType = "com.apple.product-type.application";
		};
/* End PBXNativeTarget section */

/* Begin PBXProject section */
		75CD180222C5DD6800E2FB12 /* Project object */ = {
			isa = PBXProject;
			attributes = {
				LastSwiftUpdateCheck = 1110;
				LastUpgradeCheck = 1020;
				ORGANIZATIONNAME = bradleyyin;
				TargetAttributes = {
					756A645423754063000BCBF3 = {
						CreatedOnToolsVersion = 11.1;
						TestTargetID = 75CD180922C5DD6800E2FB12;
					};
					75CD180922C5DD6800E2FB12 = {
						CreatedOnToolsVersion = 10.2.1;
					};
				};
			};
			buildConfigurationList = 75CD180522C5DD6800E2FB12 /* Build configuration list for PBXProject "budget" */;
			compatibilityVersion = "Xcode 9.3";
			developmentRegion = en;
			hasScannedForEncodings = 0;
			knownRegions = (
				en,
				Base,
			);
			mainGroup = 75CD180122C5DD6800E2FB12;
			productRefGroup = 75CD180B22C5DD6800E2FB12 /* Products */;
			projectDirPath = "";
			projectRoot = "";
			targets = (
				75CD180922C5DD6800E2FB12 /* budget */,
				756A645423754063000BCBF3 /* BudgetTests */,
			);
		};
/* End PBXProject section */

/* Begin PBXResourcesBuildPhase section */
		756A645323754063000BCBF3 /* Resources */ = {
			isa = PBXResourcesBuildPhase;
			buildActionMask = 2147483647;
			files = (
				75C19A58253267A2002E856E /* SF-Compact-Text-Light.otf in Resources */,
				75C19A59253267A2002E856E /* SF-Compact-Text-Semibold.otf in Resources */,
			);
			runOnlyForDeploymentPostprocessing = 0;
		};
		75CD180822C5DD6800E2FB12 /* Resources */ = {
			isa = PBXResourcesBuildPhase;
			buildActionMask = 2147483647;
			files = (
				75C19A55253266BE002E856E /* SF-Compact-Text-Semibold.otf in Resources */,
				7553E37E253CDFB700432486 /* SF Compact Text Regular.otf in Resources */,
				7550A3FD23493FA40063FE3E /* .swiftlint.yml in Resources */,
				75CD181822C5DD6B00E2FB12 /* LaunchScreen.storyboard in Resources */,
				75C19A52253266BB002E856E /* SF-Compact-Text-Light.otf in Resources */,
				7550A3FA23493D730063FE3E /* .gitignore in Resources */,
				75C19A5D25326A89002E856E /* SF Compact Text Medium.otf in Resources */,
				75CD181522C5DD6B00E2FB12 /* Assets.xcassets in Resources */,
			);
			runOnlyForDeploymentPostprocessing = 0;
		};
/* End PBXResourcesBuildPhase section */

/* Begin PBXShellScriptBuildPhase section */
		136C804A743C188FB5056036 /* [CP] Embed Pods Frameworks */ = {
			isa = PBXShellScriptBuildPhase;
			buildActionMask = 2147483647;
			files = (
			);
			inputFileListPaths = (
				"${PODS_ROOT}/Target Support Files/Pods-BudgetTests/Pods-BudgetTests-frameworks-${CONFIGURATION}-input-files.xcfilelist",
			);
			name = "[CP] Embed Pods Frameworks";
			outputFileListPaths = (
				"${PODS_ROOT}/Target Support Files/Pods-BudgetTests/Pods-BudgetTests-frameworks-${CONFIGURATION}-output-files.xcfilelist",
			);
			runOnlyForDeploymentPostprocessing = 0;
			shellPath = /bin/sh;
			shellScript = "\"${PODS_ROOT}/Target Support Files/Pods-BudgetTests/Pods-BudgetTests-frameworks.sh\"\n";
			showEnvVarsInLog = 0;
		};
		7550A3FB23493F1D0063FE3E /* ShellScript */ = {
			isa = PBXShellScriptBuildPhase;
			buildActionMask = 2147483647;
			files = (
			);
			inputFileListPaths = (
			);
			inputPaths = (
			);
			outputFileListPaths = (
			);
			outputPaths = (
			);
			runOnlyForDeploymentPostprocessing = 0;
			shellPath = /bin/sh;
			shellScript = "if which swiftlint >/dev/null; then\n  swiftlint\nelse\n  echo \"warning: SwiftLint not installed, download from https://github.com/realm/SwiftLint\"\nfi\n";
		};
		9FDD0038BB3DA252A7066169 /* [CP] Embed Pods Frameworks */ = {
			isa = PBXShellScriptBuildPhase;
			buildActionMask = 2147483647;
			files = (
			);
			inputFileListPaths = (
				"${PODS_ROOT}/Target Support Files/Pods-budget/Pods-budget-frameworks-${CONFIGURATION}-input-files.xcfilelist",
			);
			name = "[CP] Embed Pods Frameworks";
			outputFileListPaths = (
				"${PODS_ROOT}/Target Support Files/Pods-budget/Pods-budget-frameworks-${CONFIGURATION}-output-files.xcfilelist",
			);
			runOnlyForDeploymentPostprocessing = 0;
			shellPath = /bin/sh;
			shellScript = "\"${PODS_ROOT}/Target Support Files/Pods-budget/Pods-budget-frameworks.sh\"\n";
			showEnvVarsInLog = 0;
		};
		C612968C6DB9E29E2C433DF3 /* [CP] Check Pods Manifest.lock */ = {
			isa = PBXShellScriptBuildPhase;
			buildActionMask = 2147483647;
			files = (
			);
			inputFileListPaths = (
			);
			inputPaths = (
				"${PODS_PODFILE_DIR_PATH}/Podfile.lock",
				"${PODS_ROOT}/Manifest.lock",
			);
			name = "[CP] Check Pods Manifest.lock";
			outputFileListPaths = (
			);
			outputPaths = (
				"$(DERIVED_FILE_DIR)/Pods-budget-checkManifestLockResult.txt",
			);
			runOnlyForDeploymentPostprocessing = 0;
			shellPath = /bin/sh;
			shellScript = "diff \"${PODS_PODFILE_DIR_PATH}/Podfile.lock\" \"${PODS_ROOT}/Manifest.lock\" > /dev/null\nif [ $? != 0 ] ; then\n    # print error to STDERR\n    echo \"error: The sandbox is not in sync with the Podfile.lock. Run 'pod install' or update your CocoaPods installation.\" >&2\n    exit 1\nfi\n# This output is used by Xcode 'outputs' to avoid re-running this script phase.\necho \"SUCCESS\" > \"${SCRIPT_OUTPUT_FILE_0}\"\n";
			showEnvVarsInLog = 0;
		};
		CB6F734C8CEEE929C21F255D /* [CP] Check Pods Manifest.lock */ = {
			isa = PBXShellScriptBuildPhase;
			buildActionMask = 2147483647;
			files = (
			);
			inputFileListPaths = (
			);
			inputPaths = (
				"${PODS_PODFILE_DIR_PATH}/Podfile.lock",
				"${PODS_ROOT}/Manifest.lock",
			);
			name = "[CP] Check Pods Manifest.lock";
			outputFileListPaths = (
			);
			outputPaths = (
				"$(DERIVED_FILE_DIR)/Pods-BudgetTests-checkManifestLockResult.txt",
			);
			runOnlyForDeploymentPostprocessing = 0;
			shellPath = /bin/sh;
			shellScript = "diff \"${PODS_PODFILE_DIR_PATH}/Podfile.lock\" \"${PODS_ROOT}/Manifest.lock\" > /dev/null\nif [ $? != 0 ] ; then\n    # print error to STDERR\n    echo \"error: The sandbox is not in sync with the Podfile.lock. Run 'pod install' or update your CocoaPods installation.\" >&2\n    exit 1\nfi\n# This output is used by Xcode 'outputs' to avoid re-running this script phase.\necho \"SUCCESS\" > \"${SCRIPT_OUTPUT_FILE_0}\"\n";
			showEnvVarsInLog = 0;
		};
/* End PBXShellScriptBuildPhase section */

/* Begin PBXSourcesBuildPhase section */
		756A645123754063000BCBF3 /* Sources */ = {
			isa = PBXSourcesBuildPhase;
			buildActionMask = 2147483647;
			files = (
				757175C6256B3B870097AD28 /* CalendarViewModelTests.swift in Sources */,
				75C19A6225326E59002E856E /* DetailsViewModelTests.swift in Sources */,
				75BB367D2505F41500CD92A4 /* HomeViewModelTest.swift in Sources */,
				75E32A3B25070AC700731D9C /* AddExpenseViewModelTests.swift in Sources */,
			);
			runOnlyForDeploymentPostprocessing = 0;
		};
		75CD180622C5DD6800E2FB12 /* Sources */ = {
			isa = PBXSourcesBuildPhase;
			buildActionMask = 2147483647;
			files = (
				75B4D3BA22E9854E00438A7A /* ExpenseTableViewCell.swift in Sources */,
				75373B4922ED842000113E81 /* ReceiptCollectionViewCell.swift in Sources */,
				757175BF2569F1BB0097AD28 /* CalendarCoordinator.swift in Sources */,
				75DE6C28252D611D0017DD1E /* CategorySelectionCell.swift in Sources */,
				75ADCECA2495F96D00320593 /* UIViewController+extension.swift in Sources */,
				75AEC11C22E3E2480006A057 /* MonthView.swift in Sources */,
				75F468F225325ECE00418B74 /* DetailsCategoryCell.swift in Sources */,
				7514AEE8238B366000D9D436 /* SearchExpensesViewController.swift in Sources */,
				75CD181022C5DD6800E2FB12 /* HomeViewController.swift in Sources */,
				75ADCEB02491FD9D00320593 /* HomeCoordinator.swift in Sources */,
				75BCC2CB234A9175001CA01A /* BudgetCalculator.swift in Sources */,
				75A3E594253D0D7F00D92266 /* NotificationName.swift in Sources */,
				75373B7D22F4085500113E81 /* EditIncomeView.swift in Sources */,
				75C19A7925328F46002E856E /* CategoryIconCellViewModel.swift in Sources */,
				75AEC12022E409DE0006A057 /* WeekdayView.swift in Sources */,
				75DE6C30252D63820017DD1E /* CategorySelectionCellViewModel.swift in Sources */,
				75AEC11E22E3E2700006A057 /* CalendarView.swift in Sources */,
				75CB81012504BA5600F511B0 /* HomeCategoryCellViewModel.swift in Sources */,
				75ADCEA92491DE4000320593 /* Category.swift in Sources */,
				75AEC11922E3DC8A0006A057 /* BasicViewController.swift in Sources */,
				75E0BD5C22CDA7DB00FE0F6C /* MenuViewController.swift in Sources */,
				75C19A712532801F002E856E /* AddCategoriesViewModel.swift in Sources */,
				75F2FB842352E296006007D8 /* TabBarController.swift in Sources */,
				751805D424DF694800B3FA47 /* ColorPalette.swift in Sources */,
				75C19A7525328F38002E856E /* CategoryIconCell.swift in Sources */,
				75E0BD6022CDB91600FE0F6C /* MenuTableViewCell.swift in Sources */,
				75BB937022EAC77E002C57AF /* AddEntryTableViewCell.swift in Sources */,
				7553E37A253CDA1200432486 /* ChartCellViewModel.swift in Sources */,
				751DE0BD24D6833600AD04C9 /* HomeCategoryCell.swift in Sources */,
				75C19A822533E882002E856E /* ChartViewModel.swift in Sources */,
				75ADCEAE2491F9A600320593 /* AppCoordinator.swift in Sources */,
				75373B4222ED144500113E81 /* ReceiptViewController.swift in Sources */,
				75AEC12222E413290006A057 /* ExpenseViewController.swift in Sources */,
				75AEC12922E54F1B0006A057 /* SingleDayViewController.swift in Sources */,
				75F2FB8223513C9F006007D8 /* Date+Utility.swift in Sources */,
				7518D86825622F9E00C51521 /* CalendarViewModel.swift in Sources */,
				75ADCEB32492035E00320593 /* SharedUI.swift in Sources */,
				75E6F65D23666A8B002F3BF3 /* ChartViewController.swift in Sources */,
				75ADCEB52493414C00320593 /* HomeViewModel.swift in Sources */,
				75AEC11722E3D7170006A057 /* SharedView.swift in Sources */,
				75373B4522ED747600113E81 /* RecietAlbumViewController.swift in Sources */,
				75DE6496251FD2E40017DD1E /* UITextField+Utilities.swift in Sources */,
				75373B4722ED792D00113E81 /* ReceiptAlbumTableViewCell.swift in Sources */,
				757175BB2569F18E0097AD28 /* CalendarViewController.swift in Sources */,
				751DE0BB24D628D500AD04C9 /* SliderView.swift in Sources */,
				75CD180E22C5DD6800E2FB12 /* AppDelegate.swift in Sources */,
				75ADCEA72491DE3400320593 /* Expense.swift in Sources */,
				754248BF234A8A55004B6ECF /* MonthCalculator.swift in Sources */,
				75C19A6D25327F6A002E856E /* AddCategoriesViewController.swift in Sources */,
				75F468F825325EE200418B74 /* DetailsCategoryCellViewModel.swift in Sources */,
				75E0BD6222CDBCC000FE0F6C /* GlobalStuffs.swift in Sources */,
				75ADCEA52491DBDF00320593 /* Income.swift in Sources */,
				75ADCEC02495F41000320593 /* FontPalette.swift in Sources */,
				75E0BD6422CDC63500FE0F6C /* DetailsViewController.swift in Sources */,
				75DE6C2C252D61C40017DD1E /* UIView+Utilities.swift in Sources */,
				75AEC12422E446600006A057 /* SegueDirection.swift in Sources */,
				756A644023700E19000BCBF3 /* UIImage+Scaling.swift in Sources */,
				75AEC12B22E577590006A057 /* AddEntryViewController.swift in Sources */,
				75ADCEAC2491F91E00320593 /* Coordinator.swift in Sources */,
				75F468EE25318B2500418B74 /* DetailsViewModel.swift in Sources */,
				75F227E9249B2CAD000F21A0 /* IncomeViewModel.swift in Sources */,
				75E32A38250704F900731D9C /* AddExpenseViewModel.swift in Sources */,
				75C2BF80236819050028720B /* ChartTableViewCell.swift in Sources */,
				75F468E82531877E00418B74 /* DetailsCoordinator.swift in Sources */,
				755FFBE12345AA4D0085C5E5 /* BudgetController.swift in Sources */,
				75ADCEB92495C27D00320593 /* TabHeaderView.swift in Sources */,
				75BCC2CD234ABAC2001CA01A /* CircleView.swift in Sources */,
				75373B4022ECF70500113E81 /* SingleExpenseDetailViewController.swift in Sources */,
				755FFBEB2345BCCB0085C5E5 /* ImageSaver.swift in Sources */,
				75E32A362506BD0C00731D9C /* AddExpenseCoordinator.swift in Sources */,
				75E0BD6722CDD1BA00FE0F6C /* DetailsTableViewCell.swift in Sources */,
				75F2FB7F235138B9006007D8 /* DateCollectionViewCell.swift in Sources */,
			);
			runOnlyForDeploymentPostprocessing = 0;
		};
/* End PBXSourcesBuildPhase section */

/* Begin PBXTargetDependency section */
		756A645B23754063000BCBF3 /* PBXTargetDependency */ = {
			isa = PBXTargetDependency;
			target = 75CD180922C5DD6800E2FB12 /* budget */;
			targetProxy = 756A645A23754063000BCBF3 /* PBXContainerItemProxy */;
		};
/* End PBXTargetDependency section */

/* Begin PBXVariantGroup section */
		75CD181622C5DD6B00E2FB12 /* LaunchScreen.storyboard */ = {
			isa = PBXVariantGroup;
			children = (
				75CD181722C5DD6B00E2FB12 /* Base */,
			);
			name = LaunchScreen.storyboard;
			sourceTree = "<group>";
		};
/* End PBXVariantGroup section */

/* Begin XCBuildConfiguration section */
		756A645D23754063000BCBF3 /* Debug */ = {
			isa = XCBuildConfiguration;
			baseConfigurationReference = 4EE3F533650DB3661115FAAA /* Pods-BudgetTests.debug.xcconfig */;
			buildSettings = {
				BUNDLE_LOADER = "$(TEST_HOST)";
				CODE_SIGN_IDENTITY = "Apple Development";
				"CODE_SIGN_IDENTITY[sdk=macosx*]" = "Apple Development";
				CODE_SIGN_STYLE = Manual;
				DEVELOPMENT_TEAM = "";
				INFOPLIST_FILE = BudgetTests/Info.plist;
				IPHONEOS_DEPLOYMENT_TARGET = 13.1;
				LD_RUNPATH_SEARCH_PATHS = (
					"$(inherited)",
					"@executable_path/Frameworks",
					"@loader_path/Frameworks",
				);
				PRODUCT_BUNDLE_IDENTIFIER = com.bradleyyin.BudgetTests;
				"PRODUCT_BUNDLE_IDENTIFIER[sdk=macosx*]" = "";
				PRODUCT_NAME = "$(TARGET_NAME)";
				PROVISIONING_PROFILE_SPECIFIER = "";
				"PROVISIONING_PROFILE_SPECIFIER[sdk=macosx*]" = "";
				SWIFT_VERSION = 5.0;
				TARGETED_DEVICE_FAMILY = "1,2";
				TEST_HOST = "$(BUILT_PRODUCTS_DIR)/budget.app/budget";
			};
			name = Debug;
		};
		756A645E23754063000BCBF3 /* Release */ = {
			isa = XCBuildConfiguration;
			baseConfigurationReference = 3B24A615C7E375ACB1EB71FB /* Pods-BudgetTests.release.xcconfig */;
			buildSettings = {
				BUNDLE_LOADER = "$(TEST_HOST)";
				CODE_SIGN_IDENTITY = "Apple Development";
				"CODE_SIGN_IDENTITY[sdk=macosx*]" = "Apple Development";
				CODE_SIGN_STYLE = Manual;
				DEVELOPMENT_TEAM = "";
				INFOPLIST_FILE = BudgetTests/Info.plist;
				IPHONEOS_DEPLOYMENT_TARGET = 13.1;
				LD_RUNPATH_SEARCH_PATHS = (
					"$(inherited)",
					"@executable_path/Frameworks",
					"@loader_path/Frameworks",
				);
				PRODUCT_BUNDLE_IDENTIFIER = com.bradleyyin.BudgetTests;
				"PRODUCT_BUNDLE_IDENTIFIER[sdk=macosx*]" = "";
				PRODUCT_NAME = "$(TARGET_NAME)";
				PROVISIONING_PROFILE_SPECIFIER = "";
				"PROVISIONING_PROFILE_SPECIFIER[sdk=macosx*]" = "";
				SWIFT_VERSION = 5.0;
				TARGETED_DEVICE_FAMILY = "1,2";
				TEST_HOST = "$(BUILT_PRODUCTS_DIR)/budget.app/budget";
			};
			name = Release;
		};
		75CD181A22C5DD6B00E2FB12 /* Debug */ = {
			isa = XCBuildConfiguration;
			buildSettings = {
				ALWAYS_SEARCH_USER_PATHS = NO;
				CLANG_ANALYZER_NONNULL = YES;
				CLANG_ANALYZER_NUMBER_OBJECT_CONVERSION = YES_AGGRESSIVE;
				CLANG_CXX_LANGUAGE_STANDARD = "gnu++14";
				CLANG_CXX_LIBRARY = "libc++";
				CLANG_ENABLE_MODULES = YES;
				CLANG_ENABLE_OBJC_ARC = YES;
				CLANG_ENABLE_OBJC_WEAK = YES;
				CLANG_WARN_BLOCK_CAPTURE_AUTORELEASING = YES;
				CLANG_WARN_BOOL_CONVERSION = YES;
				CLANG_WARN_COMMA = YES;
				CLANG_WARN_CONSTANT_CONVERSION = YES;
				CLANG_WARN_DEPRECATED_OBJC_IMPLEMENTATIONS = YES;
				CLANG_WARN_DIRECT_OBJC_ISA_USAGE = YES_ERROR;
				CLANG_WARN_DOCUMENTATION_COMMENTS = YES;
				CLANG_WARN_EMPTY_BODY = YES;
				CLANG_WARN_ENUM_CONVERSION = YES;
				CLANG_WARN_INFINITE_RECURSION = YES;
				CLANG_WARN_INT_CONVERSION = YES;
				CLANG_WARN_NON_LITERAL_NULL_CONVERSION = YES;
				CLANG_WARN_OBJC_IMPLICIT_RETAIN_SELF = YES;
				CLANG_WARN_OBJC_LITERAL_CONVERSION = YES;
				CLANG_WARN_OBJC_ROOT_CLASS = YES_ERROR;
				CLANG_WARN_RANGE_LOOP_ANALYSIS = YES;
				CLANG_WARN_STRICT_PROTOTYPES = YES;
				CLANG_WARN_SUSPICIOUS_MOVE = YES;
				CLANG_WARN_UNGUARDED_AVAILABILITY = YES_AGGRESSIVE;
				CLANG_WARN_UNREACHABLE_CODE = YES;
				CLANG_WARN__DUPLICATE_METHOD_MATCH = YES;
				CODE_SIGN_IDENTITY = "iPhone Developer";
				COPY_PHASE_STRIP = NO;
				DEBUG_INFORMATION_FORMAT = dwarf;
				ENABLE_STRICT_OBJC_MSGSEND = YES;
				ENABLE_TESTABILITY = YES;
				GCC_C_LANGUAGE_STANDARD = gnu11;
				GCC_DYNAMIC_NO_PIC = NO;
				GCC_NO_COMMON_BLOCKS = YES;
				GCC_OPTIMIZATION_LEVEL = 0;
				GCC_PREPROCESSOR_DEFINITIONS = (
					"DEBUG=1",
					"$(inherited)",
				);
				GCC_WARN_64_TO_32_BIT_CONVERSION = YES;
				GCC_WARN_ABOUT_RETURN_TYPE = YES_ERROR;
				GCC_WARN_UNDECLARED_SELECTOR = YES;
				GCC_WARN_UNINITIALIZED_AUTOS = YES_AGGRESSIVE;
				GCC_WARN_UNUSED_FUNCTION = YES;
				GCC_WARN_UNUSED_VARIABLE = YES;
				INFOPLIST_FILE = "";
				IPHONEOS_DEPLOYMENT_TARGET = 13.0;
				MTL_ENABLE_DEBUG_INFO = INCLUDE_SOURCE;
				MTL_FAST_MATH = YES;
				ONLY_ACTIVE_ARCH = YES;
				SDKROOT = iphoneos;
				SWIFT_ACTIVE_COMPILATION_CONDITIONS = DEBUG;
				SWIFT_OPTIMIZATION_LEVEL = "-Onone";
			};
			name = Debug;
		};
		75CD181B22C5DD6B00E2FB12 /* Release */ = {
			isa = XCBuildConfiguration;
			buildSettings = {
				ALWAYS_SEARCH_USER_PATHS = NO;
				CLANG_ANALYZER_NONNULL = YES;
				CLANG_ANALYZER_NUMBER_OBJECT_CONVERSION = YES_AGGRESSIVE;
				CLANG_CXX_LANGUAGE_STANDARD = "gnu++14";
				CLANG_CXX_LIBRARY = "libc++";
				CLANG_ENABLE_MODULES = YES;
				CLANG_ENABLE_OBJC_ARC = YES;
				CLANG_ENABLE_OBJC_WEAK = YES;
				CLANG_WARN_BLOCK_CAPTURE_AUTORELEASING = YES;
				CLANG_WARN_BOOL_CONVERSION = YES;
				CLANG_WARN_COMMA = YES;
				CLANG_WARN_CONSTANT_CONVERSION = YES;
				CLANG_WARN_DEPRECATED_OBJC_IMPLEMENTATIONS = YES;
				CLANG_WARN_DIRECT_OBJC_ISA_USAGE = YES_ERROR;
				CLANG_WARN_DOCUMENTATION_COMMENTS = YES;
				CLANG_WARN_EMPTY_BODY = YES;
				CLANG_WARN_ENUM_CONVERSION = YES;
				CLANG_WARN_INFINITE_RECURSION = YES;
				CLANG_WARN_INT_CONVERSION = YES;
				CLANG_WARN_NON_LITERAL_NULL_CONVERSION = YES;
				CLANG_WARN_OBJC_IMPLICIT_RETAIN_SELF = YES;
				CLANG_WARN_OBJC_LITERAL_CONVERSION = YES;
				CLANG_WARN_OBJC_ROOT_CLASS = YES_ERROR;
				CLANG_WARN_RANGE_LOOP_ANALYSIS = YES;
				CLANG_WARN_STRICT_PROTOTYPES = YES;
				CLANG_WARN_SUSPICIOUS_MOVE = YES;
				CLANG_WARN_UNGUARDED_AVAILABILITY = YES_AGGRESSIVE;
				CLANG_WARN_UNREACHABLE_CODE = YES;
				CLANG_WARN__DUPLICATE_METHOD_MATCH = YES;
				CODE_SIGN_IDENTITY = "iPhone Developer";
				COPY_PHASE_STRIP = NO;
				DEBUG_INFORMATION_FORMAT = "dwarf-with-dsym";
				ENABLE_NS_ASSERTIONS = NO;
				ENABLE_STRICT_OBJC_MSGSEND = YES;
				GCC_C_LANGUAGE_STANDARD = gnu11;
				GCC_NO_COMMON_BLOCKS = YES;
				GCC_WARN_64_TO_32_BIT_CONVERSION = YES;
				GCC_WARN_ABOUT_RETURN_TYPE = YES_ERROR;
				GCC_WARN_UNDECLARED_SELECTOR = YES;
				GCC_WARN_UNINITIALIZED_AUTOS = YES_AGGRESSIVE;
				GCC_WARN_UNUSED_FUNCTION = YES;
				GCC_WARN_UNUSED_VARIABLE = YES;
				INFOPLIST_FILE = "";
				IPHONEOS_DEPLOYMENT_TARGET = 13.0;
				MTL_ENABLE_DEBUG_INFO = NO;
				MTL_FAST_MATH = YES;
				SDKROOT = iphoneos;
				SWIFT_COMPILATION_MODE = wholemodule;
				SWIFT_OPTIMIZATION_LEVEL = "-O";
				VALIDATE_PRODUCT = YES;
			};
			name = Release;
		};
		75CD181D22C5DD6B00E2FB12 /* Debug */ = {
			isa = XCBuildConfiguration;
			baseConfigurationReference = 559E746410EB15F9655A2C81 /* Pods-budget.debug.xcconfig */;
			buildSettings = {
				ASSETCATALOG_COMPILER_APPICON_NAME = AppIcon;
				CODE_SIGN_STYLE = Automatic;
				CURRENT_PROJECT_VERSION = 11;
				DEVELOPMENT_TEAM = 8367QTYVY6;
				INFOPLIST_FILE = "$(SRCROOT)/budget/Resource/Info.plist";
				LD_RUNPATH_SEARCH_PATHS = (
					"$(inherited)",
					"@executable_path/Frameworks",
				);
				PRODUCT_BUNDLE_IDENTIFIER = com.bradleyyin.budget;
				PRODUCT_NAME = "$(TARGET_NAME)";
				SWIFT_VERSION = 5.0;
				TARGETED_DEVICE_FAMILY = 1;
			};
			name = Debug;
		};
		75CD181E22C5DD6B00E2FB12 /* Release */ = {
			isa = XCBuildConfiguration;
			baseConfigurationReference = CA66541F27560E6AADDEFB78 /* Pods-budget.release.xcconfig */;
			buildSettings = {
				ASSETCATALOG_COMPILER_APPICON_NAME = AppIcon;
				CODE_SIGN_STYLE = Automatic;
				CURRENT_PROJECT_VERSION = 11;
				DEVELOPMENT_TEAM = 8367QTYVY6;
				INFOPLIST_FILE = "$(SRCROOT)/budget/Resource/Info.plist";
				LD_RUNPATH_SEARCH_PATHS = (
					"$(inherited)",
					"@executable_path/Frameworks",
				);
				PRODUCT_BUNDLE_IDENTIFIER = com.bradleyyin.budget;
				PRODUCT_NAME = "$(TARGET_NAME)";
				SWIFT_VERSION = 5.0;
				TARGETED_DEVICE_FAMILY = 1;
			};
			name = Release;
		};
/* End XCBuildConfiguration section */

/* Begin XCConfigurationList section */
		756A645C23754063000BCBF3 /* Build configuration list for PBXNativeTarget "BudgetTests" */ = {
			isa = XCConfigurationList;
			buildConfigurations = (
				756A645D23754063000BCBF3 /* Debug */,
				756A645E23754063000BCBF3 /* Release */,
			);
			defaultConfigurationIsVisible = 0;
			defaultConfigurationName = Release;
		};
		75CD180522C5DD6800E2FB12 /* Build configuration list for PBXProject "budget" */ = {
			isa = XCConfigurationList;
			buildConfigurations = (
				75CD181A22C5DD6B00E2FB12 /* Debug */,
				75CD181B22C5DD6B00E2FB12 /* Release */,
			);
			defaultConfigurationIsVisible = 0;
			defaultConfigurationName = Release;
		};
		75CD181C22C5DD6B00E2FB12 /* Build configuration list for PBXNativeTarget "budget" */ = {
			isa = XCConfigurationList;
			buildConfigurations = (
				75CD181D22C5DD6B00E2FB12 /* Debug */,
				75CD181E22C5DD6B00E2FB12 /* Release */,
			);
			defaultConfigurationIsVisible = 0;
			defaultConfigurationName = Release;
		};
/* End XCConfigurationList section */
	};
	rootObject = 75CD180222C5DD6800E2FB12 /* Project object */;
}
